// !$*UTF8*$!
{
	archiveVersion = 1;
	classes = {
	};
	objectVersion = 46;
	objects = {

/* Begin PBXBuildFile section */
		510456981D5970F1003954D1 /* RCDuanZiTableViewController.m in Sources */ = {isa = PBXBuildFile; fileRef = 510456961D5970F1003954D1 /* RCDuanZiTableViewController.m */; };
		510617171D76BDBC00357084 /* RCTopWindow.m in Sources */ = {isa = PBXBuildFile; fileRef = 510617161D76BDBC00357084 /* RCTopWindow.m */; };
		5106175C1D76FF5700357084 /* UIImage+RCExtension.m in Sources */ = {isa = PBXBuildFile; fileRef = 5106175B1D76FF5700357084 /* UIImage+RCExtension.m */; };
		5106175F1D7701F800357084 /* UIImageView+RCExtension.m in Sources */ = {isa = PBXBuildFile; fileRef = 5106175E1D7701F800357084 /* UIImageView+RCExtension.m */; };
		5128A1591D73F41F000F69D2 /* RCUserModel.m in Sources */ = {isa = PBXBuildFile; fileRef = 5128A1581D73F41F000F69D2 /* RCUserModel.m */; };
		5128A15C1D73F5D8000F69D2 /* RCCommentModel.m in Sources */ = {isa = PBXBuildFile; fileRef = 5128A15B1D73F5D8000F69D2 /* RCCommentModel.m */; };
		5128A1601D741A7F000F69D2 /* RCCommentViewController.m in Sources */ = {isa = PBXBuildFile; fileRef = 5128A15E1D741A7F000F69D2 /* RCCommentViewController.m */; };
		5128A1611D741A7F000F69D2 /* RCCommentViewController.xib in Resources */ = {isa = PBXBuildFile; fileRef = 5128A15F1D741A7F000F69D2 /* RCCommentViewController.xib */; };
		512F515F1D520A330080905E /* RCNavigationController.m in Sources */ = {isa = PBXBuildFile; fileRef = 512F515E1D520A330080905E /* RCNavigationController.m */; };
		512F51621D520A4D0080905E /* RCTabBarController.m in Sources */ = {isa = PBXBuildFile; fileRef = 512F51611D520A4D0080905E /* RCTabBarController.m */; };
		512F51651D520A5B0080905E /* RCTabBar.m in Sources */ = {isa = PBXBuildFile; fileRef = 512F51641D520A5B0080905E /* RCTabBar.m */; };
		51313DC61D614D0600B05D73 /* RCDuanZiVioceView.m in Sources */ = {isa = PBXBuildFile; fileRef = 51313DC51D614D0600B05D73 /* RCDuanZiVioceView.m */; };
		51313DC81D614D3100B05D73 /* RCDuanZiVioceView.xib in Resources */ = {isa = PBXBuildFile; fileRef = 51313DC71D614D3100B05D73 /* RCDuanZiVioceView.xib */; };
		51313E201D61DE5900B05D73 /* RCVideoView.m in Sources */ = {isa = PBXBuildFile; fileRef = 51313E1F1D61DE5900B05D73 /* RCVideoView.m */; };
		51313E221D61DE7E00B05D73 /* RCVideoView.xib in Resources */ = {isa = PBXBuildFile; fileRef = 51313E211D61DE7E00B05D73 /* RCVideoView.xib */; };
		51507D671D581D0200D2F4E7 /* RCLoginRegisterController.m in Sources */ = {isa = PBXBuildFile; fileRef = 51507D651D581D0200D2F4E7 /* RCLoginRegisterController.m */; };
		51507D681D581D0200D2F4E7 /* RCLoginRegisterController.xib in Resources */ = {isa = PBXBuildFile; fileRef = 51507D661D581D0200D2F4E7 /* RCLoginRegisterController.xib */; };
		51507D6B1D581FA300D2F4E7 /* RCVerticalButton.m in Sources */ = {isa = PBXBuildFile; fileRef = 51507D6A1D581FA300D2F4E7 /* RCVerticalButton.m */; };
		51507D6E1D58653B00D2F4E7 /* RCTextField.m in Sources */ = {isa = PBXBuildFile; fileRef = 51507D6D1D58653B00D2F4E7 /* RCTextField.m */; };
		51A693B71D78673200A36420 /* RCAddToolBarView.m in Sources */ = {isa = PBXBuildFile; fileRef = 51A693B61D78673200A36420 /* RCAddToolBarView.m */; };
		51A693B91D78674700A36420 /* RCAddToolBarView.xib in Resources */ = {isa = PBXBuildFile; fileRef = 51A693B81D78674700A36420 /* RCAddToolBarView.xib */; };
		51ACB92B1D59F8D200D077EB /* RCConst.m in Sources */ = {isa = PBXBuildFile; fileRef = 51ACB92A1D59F8D200D077EB /* RCConst.m */; };
		51ACB92F1D5A00F200D077EB /* RCDuanZiCell.m in Sources */ = {isa = PBXBuildFile; fileRef = 51ACB92D1D5A00F200D077EB /* RCDuanZiCell.m */; };
		51ACB9301D5A00F200D077EB /* RCDuanZiCell.xib in Resources */ = {isa = PBXBuildFile; fileRef = 51ACB92E1D5A00F200D077EB /* RCDuanZiCell.xib */; };
		51BB95181D5B0FF200FFA330 /* RCDuanziModel.m in Sources */ = {isa = PBXBuildFile; fileRef = 51BB95171D5B0FF200FFA330 /* RCDuanziModel.m */; };
		51BB951B1D5B508800FFA330 /* NSDate+RCExtension.m in Sources */ = {isa = PBXBuildFile; fileRef = 51BB951A1D5B508800FFA330 /* NSDate+RCExtension.m */; };
		51D3F0E31D517A5900038A62 /* main.m in Sources */ = {isa = PBXBuildFile; fileRef = 51D3F0E21D517A5900038A62 /* main.m */; };
		51D3F0E61D517A5900038A62 /* AppDelegate.m in Sources */ = {isa = PBXBuildFile; fileRef = 51D3F0E51D517A5900038A62 /* AppDelegate.m */; };
		51D3F0E91D517A5900038A62 /* ViewController.m in Sources */ = {isa = PBXBuildFile; fileRef = 51D3F0E81D517A5900038A62 /* ViewController.m */; };
		51D3F0EC1D517A5900038A62 /* Main.storyboard in Resources */ = {isa = PBXBuildFile; fileRef = 51D3F0EA1D517A5900038A62 /* Main.storyboard */; };
		51D3F0EE1D517A5900038A62 /* Assets.xcassets in Resources */ = {isa = PBXBuildFile; fileRef = 51D3F0ED1D517A5900038A62 /* Assets.xcassets */; };
		51D3F0F11D517A5900038A62 /* LaunchScreen.storyboard in Resources */ = {isa = PBXBuildFile; fileRef = 51D3F0EF1D517A5900038A62 /* LaunchScreen.storyboard */; };
		51D3F0FC1D517A5900038A62 /* RC_BaiSiBuDeJieTests.m in Sources */ = {isa = PBXBuildFile; fileRef = 51D3F0FB1D517A5900038A62 /* RC_BaiSiBuDeJieTests.m */; };
		51D3F1071D517A5900038A62 /* RC_BaiSiBuDeJieUITests.m in Sources */ = {isa = PBXBuildFile; fileRef = 51D3F1061D517A5900038A62 /* RC_BaiSiBuDeJieUITests.m */; };
		51D9981C1D77C11500B439AC /* RCMeCell.m in Sources */ = {isa = PBXBuildFile; fileRef = 51D9981B1D77C11500B439AC /* RCMeCell.m */; };
		51D9981F1D77C51C00B439AC /* RCMeFooterView.m in Sources */ = {isa = PBXBuildFile; fileRef = 51D9981E1D77C51C00B439AC /* RCMeFooterView.m */; };
		51D998221D77C56B00B439AC /* RCSquareModel.m in Sources */ = {isa = PBXBuildFile; fileRef = 51D998211D77C56B00B439AC /* RCSquareModel.m */; };
		51D998251D77C59C00B439AC /* RCMeSquareButton.m in Sources */ = {isa = PBXBuildFile; fileRef = 51D998241D77C59C00B439AC /* RCMeSquareButton.m */; };
		51D9982C1D77F79900B439AC /* RCMeWebViewController.m in Sources */ = {isa = PBXBuildFile; fileRef = 51D9982A1D77F79900B439AC /* RCMeWebViewController.m */; };
		51D9982D1D77F79900B439AC /* RCMeWebViewController.xib in Resources */ = {isa = PBXBuildFile; fileRef = 51D9982B1D77F79900B439AC /* RCMeWebViewController.xib */; };
		51D998341D78044C00B439AC /* RCPublishViewController.m in Sources */ = {isa = PBXBuildFile; fileRef = 51D998301D78044C00B439AC /* RCPublishViewController.m */; };
		51D998351D78044C00B439AC /* RCPublishViewController.xib in Resources */ = {isa = PBXBuildFile; fileRef = 51D998311D78044C00B439AC /* RCPublishViewController.xib */; };
		51D998381D780A6700B439AC /* RCPubWordViewController.m in Sources */ = {isa = PBXBuildFile; fileRef = 51D998371D780A6700B439AC /* RCPubWordViewController.m */; };
		51D9983B1D7814EF00B439AC /* RCPlaceholderTextView.m in Sources */ = {isa = PBXBuildFile; fileRef = 51D9983A1D7814EF00B439AC /* RCPlaceholderTextView.m */; };
		51DF78D31D532861009A92AA /* UIView+Extension.m in Sources */ = {isa = PBXBuildFile; fileRef = 51DF78D21D532861009A92AA /* UIView+Extension.m */; };
		51DF78D71D532C66009A92AA /* UIBarButtonItem+RCExtension.m in Sources */ = {isa = PBXBuildFile; fileRef = 51DF78D61D532C66009A92AA /* UIBarButtonItem+RCExtension.m */; };
		51E54C6F1D7BCA9F00694EB0 /* RCSettingTableViewController.m in Sources */ = {isa = PBXBuildFile; fileRef = 51E54C6E1D7BCA9F00694EB0 /* RCSettingTableViewController.m */; };
		51E922DA1D5C4BC000F846B4 /* RCDuanZiPictureView.m in Sources */ = {isa = PBXBuildFile; fileRef = 51E922D91D5C4BC000F846B4 /* RCDuanZiPictureView.m */; };
		51E922DC1D5C4BD600F846B4 /* RCDuanZiPictureView.xib in Resources */ = {isa = PBXBuildFile; fileRef = 51E922DB1D5C4BD600F846B4 /* RCDuanZiPictureView.xib */; };
		51E922DF1D5C7B9900F846B4 /* RCProgressView.m in Sources */ = {isa = PBXBuildFile; fileRef = 51E922DE1D5C7B9900F846B4 /* RCProgressView.m */; };
		51E922E31D5CA34C00F846B4 /* RCShowPictureViewController.m in Sources */ = {isa = PBXBuildFile; fileRef = 51E922E11D5CA34C00F846B4 /* RCShowPictureViewController.m */; };
		51E922E41D5CA34C00F846B4 /* RCShowPictureViewController.xib in Resources */ = {isa = PBXBuildFile; fileRef = 51E922E21D5CA34C00F846B4 /* RCShowPictureViewController.xib */; };
		51EF04061D54325E007B87A7 /* Foundation+Log.m in Sources */ = {isa = PBXBuildFile; fileRef = 51EF04051D54325E007B87A7 /* Foundation+Log.m */; };
		51EF04151D543438007B87A7 /* RCFriendTViewController.m in Sources */ = {isa = PBXBuildFile; fileRef = 51EF040D1D543438007B87A7 /* RCFriendTViewController.m */; };
		51EF04161D543438007B87A7 /* RCFriendTViewController.xib in Resources */ = {isa = PBXBuildFile; fileRef = 51EF040E1D543438007B87A7 /* RCFriendTViewController.xib */; };
		51EF04171D543438007B87A7 /* RCRecommendVController.m in Sources */ = {isa = PBXBuildFile; fileRef = 51EF04111D543438007B87A7 /* RCRecommendVController.m */; };
		51EF04181D543438007B87A7 /* RCRecommendVController.xib in Resources */ = {isa = PBXBuildFile; fileRef = 51EF04121D543438007B87A7 /* RCRecommendVController.xib */; };
		51EF04201D543491007B87A7 /* RCEssenceViewController.m in Sources */ = {isa = PBXBuildFile; fileRef = 51EF041C1D543491007B87A7 /* RCEssenceViewController.m */; };
		51EF04291D5434D4007B87A7 /* RCNewViewController.m in Sources */ = {isa = PBXBuildFile; fileRef = 51EF04251D5434D4007B87A7 /* RCNewViewController.m */; };
		51EF042A1D5434D4007B87A7 /* RCNewViewController.xib in Resources */ = {isa = PBXBuildFile; fileRef = 51EF04261D5434D4007B87A7 /* RCNewViewController.xib */; };
		51EF04321D543516007B87A7 /* RCMeViewController.m in Sources */ = {isa = PBXBuildFile; fileRef = 51EF042E1D543516007B87A7 /* RCMeViewController.m */; };
		51EF04331D543516007B87A7 /* RCMeViewController.xib in Resources */ = {isa = PBXBuildFile; fileRef = 51EF042F1D543516007B87A7 /* RCMeViewController.xib */; };
		51EF04361D543572007B87A7 /* RCRecommendModel.m in Sources */ = {isa = PBXBuildFile; fileRef = 51EF04351D543572007B87A7 /* RCRecommendModel.m */; };
		51EF043A1D544308007B87A7 /* RCRecommendTableViewCell.m in Sources */ = {isa = PBXBuildFile; fileRef = 51EF04381D544308007B87A7 /* RCRecommendTableViewCell.m */; };
		51EF043B1D544308007B87A7 /* RCRecommendTableViewCell.xib in Resources */ = {isa = PBXBuildFile; fileRef = 51EF04391D544308007B87A7 /* RCRecommendTableViewCell.xib */; };
		51EF043F1D547E15007B87A7 /* RCRecommendUserTableVCell.m in Sources */ = {isa = PBXBuildFile; fileRef = 51EF043D1D547E15007B87A7 /* RCRecommendUserTableVCell.m */; };
		51EF04401D547E15007B87A7 /* RCRecommendUserTableVCell.xib in Resources */ = {isa = PBXBuildFile; fileRef = 51EF043E1D547E15007B87A7 /* RCRecommendUserTableVCell.xib */; };
		51EF04431D5482EB007B87A7 /* RCRecommendUserModel.m in Sources */ = {isa = PBXBuildFile; fileRef = 51EF04421D5482EB007B87A7 /* RCRecommendUserModel.m */; };
		51F0E15F1D75194B008A74F3 /* RCCommentHeadView.m in Sources */ = {isa = PBXBuildFile; fileRef = 51F0E15E1D75194B008A74F3 /* RCCommentHeadView.m */; };
		51F0E1691D75C0E7008A74F3 /* RCCommentCell.m in Sources */ = {isa = PBXBuildFile; fileRef = 51F0E1671D75C0E7008A74F3 /* RCCommentCell.m */; };
		51F0E16A1D75C0E7008A74F3 /* RCCommentCell.xib in Resources */ = {isa = PBXBuildFile; fileRef = 51F0E1681D75C0E7008A74F3 /* RCCommentCell.xib */; };
		51F626581D79115E00B9AE6F /* RCAddTagViewController.m in Sources */ = {isa = PBXBuildFile; fileRef = 51F626561D79115E00B9AE6F /* RCAddTagViewController.m */; };
		51F6265C1D7921D800B9AE6F /* RCPubTagButton.m in Sources */ = {isa = PBXBuildFile; fileRef = 51F6265B1D7921D800B9AE6F /* RCPubTagButton.m */; };
		51F6265F1D79704000B9AE6F /* RCPubTextField.m in Sources */ = {isa = PBXBuildFile; fileRef = 51F6265E1D79704000B9AE6F /* RCPubTextField.m */; };
		BC8A0DCE8D60AA08BA18214B /* libPods.a in Frameworks */ = {isa = PBXBuildFile; fileRef = C9ADBD31FB7E244F98953DD4 /* libPods.a */; };
/* End PBXBuildFile section */

/* Begin PBXContainerItemProxy section */
		51D3F0F81D517A5900038A62 /* PBXContainerItemProxy */ = {
			isa = PBXContainerItemProxy;
			containerPortal = 51D3F0D61D517A5900038A62 /* Project object */;
			proxyType = 1;
			remoteGlobalIDString = 51D3F0DD1D517A5900038A62;
			remoteInfo = "RC-BaiSiBuDeJie";
		};
		51D3F1031D517A5900038A62 /* PBXContainerItemProxy */ = {
			isa = PBXContainerItemProxy;
			containerPortal = 51D3F0D61D517A5900038A62 /* Project object */;
			proxyType = 1;
			remoteGlobalIDString = 51D3F0DD1D517A5900038A62;
			remoteInfo = "RC-BaiSiBuDeJie";
		};
/* End PBXContainerItemProxy section */

/* Begin PBXFileReference section */
		076E578F15539EB0F54E923D /* Pods.release.xcconfig */ = {isa = PBXFileReference; includeInIndex = 1; lastKnownFileType = text.xcconfig; name = Pods.release.xcconfig; path = "Pods/Target Support Files/Pods/Pods.release.xcconfig"; sourceTree = "<group>"; };
		510456951D5970F1003954D1 /* RCDuanZiTableViewController.h */ = {isa = PBXFileReference; fileEncoding = 4; lastKnownFileType = sourcecode.c.h; path = RCDuanZiTableViewController.h; sourceTree = "<group>"; };
		510456961D5970F1003954D1 /* RCDuanZiTableViewController.m */ = {isa = PBXFileReference; fileEncoding = 4; lastKnownFileType = sourcecode.c.objc; path = RCDuanZiTableViewController.m; sourceTree = "<group>"; };
		510617151D76BDBC00357084 /* RCTopWindow.h */ = {isa = PBXFileReference; fileEncoding = 4; lastKnownFileType = sourcecode.c.h; path = RCTopWindow.h; sourceTree = "<group>"; };
		510617161D76BDBC00357084 /* RCTopWindow.m */ = {isa = PBXFileReference; fileEncoding = 4; lastKnownFileType = sourcecode.c.objc; path = RCTopWindow.m; sourceTree = "<group>"; };
		5106175A1D76FF5700357084 /* UIImage+RCExtension.h */ = {isa = PBXFileReference; fileEncoding = 4; lastKnownFileType = sourcecode.c.h; path = "UIImage+RCExtension.h"; sourceTree = "<group>"; };
		5106175B1D76FF5700357084 /* UIImage+RCExtension.m */ = {isa = PBXFileReference; fileEncoding = 4; lastKnownFileType = sourcecode.c.objc; path = "UIImage+RCExtension.m"; sourceTree = "<group>"; };
		5106175D1D7701F800357084 /* UIImageView+RCExtension.h */ = {isa = PBXFileReference; fileEncoding = 4; lastKnownFileType = sourcecode.c.h; path = "UIImageView+RCExtension.h"; sourceTree = "<group>"; };
		5106175E1D7701F800357084 /* UIImageView+RCExtension.m */ = {isa = PBXFileReference; fileEncoding = 4; lastKnownFileType = sourcecode.c.objc; path = "UIImageView+RCExtension.m"; sourceTree = "<group>"; };
		5128A1571D73F41F000F69D2 /* RCUserModel.h */ = {isa = PBXFileReference; fileEncoding = 4; lastKnownFileType = sourcecode.c.h; path = RCUserModel.h; sourceTree = "<group>"; };
		5128A1581D73F41F000F69D2 /* RCUserModel.m */ = {isa = PBXFileReference; fileEncoding = 4; lastKnownFileType = sourcecode.c.objc; path = RCUserModel.m; sourceTree = "<group>"; };
		5128A15A1D73F5D8000F69D2 /* RCCommentModel.h */ = {isa = PBXFileReference; fileEncoding = 4; lastKnownFileType = sourcecode.c.h; path = RCCommentModel.h; sourceTree = "<group>"; };
		5128A15B1D73F5D8000F69D2 /* RCCommentModel.m */ = {isa = PBXFileReference; fileEncoding = 4; lastKnownFileType = sourcecode.c.objc; path = RCCommentModel.m; sourceTree = "<group>"; };
		5128A15D1D741A7F000F69D2 /* RCCommentViewController.h */ = {isa = PBXFileReference; fileEncoding = 4; lastKnownFileType = sourcecode.c.h; path = RCCommentViewController.h; sourceTree = "<group>"; };
		5128A15E1D741A7F000F69D2 /* RCCommentViewController.m */ = {isa = PBXFileReference; fileEncoding = 4; lastKnownFileType = sourcecode.c.objc; path = RCCommentViewController.m; sourceTree = "<group>"; };
		5128A15F1D741A7F000F69D2 /* RCCommentViewController.xib */ = {isa = PBXFileReference; fileEncoding = 4; lastKnownFileType = file.xib; path = RCCommentViewController.xib; sourceTree = "<group>"; };
		512F515B1D5208A30080905E /* rcBS.pch */ = {isa = PBXFileReference; lastKnownFileType = sourcecode.c.h; path = rcBS.pch; sourceTree = "<group>"; };
		512F515D1D520A330080905E /* RCNavigationController.h */ = {isa = PBXFileReference; fileEncoding = 4; lastKnownFileType = sourcecode.c.h; path = RCNavigationController.h; sourceTree = "<group>"; };
		512F515E1D520A330080905E /* RCNavigationController.m */ = {isa = PBXFileReference; fileEncoding = 4; lastKnownFileType = sourcecode.c.objc; path = RCNavigationController.m; sourceTree = "<group>"; };
		512F51601D520A4D0080905E /* RCTabBarController.h */ = {isa = PBXFileReference; fileEncoding = 4; lastKnownFileType = sourcecode.c.h; path = RCTabBarController.h; sourceTree = "<group>"; };
		512F51611D520A4D0080905E /* RCTabBarController.m */ = {isa = PBXFileReference; fileEncoding = 4; lastKnownFileType = sourcecode.c.objc; path = RCTabBarController.m; sourceTree = "<group>"; };
		512F51631D520A5B0080905E /* RCTabBar.h */ = {isa = PBXFileReference; fileEncoding = 4; lastKnownFileType = sourcecode.c.h; path = RCTabBar.h; sourceTree = "<group>"; };
		512F51641D520A5B0080905E /* RCTabBar.m */ = {isa = PBXFileReference; fileEncoding = 4; lastKnownFileType = sourcecode.c.objc; path = RCTabBar.m; sourceTree = "<group>"; };
		51313DC41D614D0600B05D73 /* RCDuanZiVioceView.h */ = {isa = PBXFileReference; fileEncoding = 4; lastKnownFileType = sourcecode.c.h; path = RCDuanZiVioceView.h; sourceTree = "<group>"; };
		51313DC51D614D0600B05D73 /* RCDuanZiVioceView.m */ = {isa = PBXFileReference; fileEncoding = 4; lastKnownFileType = sourcecode.c.objc; path = RCDuanZiVioceView.m; sourceTree = "<group>"; };
		51313DC71D614D3100B05D73 /* RCDuanZiVioceView.xib */ = {isa = PBXFileReference; fileEncoding = 4; lastKnownFileType = file.xib; path = RCDuanZiVioceView.xib; sourceTree = "<group>"; };
		51313E1E1D61DE5900B05D73 /* RCVideoView.h */ = {isa = PBXFileReference; fileEncoding = 4; lastKnownFileType = sourcecode.c.h; path = RCVideoView.h; sourceTree = "<group>"; };
		51313E1F1D61DE5900B05D73 /* RCVideoView.m */ = {isa = PBXFileReference; fileEncoding = 4; lastKnownFileType = sourcecode.c.objc; path = RCVideoView.m; sourceTree = "<group>"; };
		51313E211D61DE7E00B05D73 /* RCVideoView.xib */ = {isa = PBXFileReference; fileEncoding = 4; lastKnownFileType = file.xib; path = RCVideoView.xib; sourceTree = "<group>"; };
		51507D641D581D0200D2F4E7 /* RCLoginRegisterController.h */ = {isa = PBXFileReference; fileEncoding = 4; lastKnownFileType = sourcecode.c.h; path = RCLoginRegisterController.h; sourceTree = "<group>"; };
		51507D651D581D0200D2F4E7 /* RCLoginRegisterController.m */ = {isa = PBXFileReference; fileEncoding = 4; lastKnownFileType = sourcecode.c.objc; path = RCLoginRegisterController.m; sourceTree = "<group>"; };
		51507D661D581D0200D2F4E7 /* RCLoginRegisterController.xib */ = {isa = PBXFileReference; fileEncoding = 4; lastKnownFileType = file.xib; path = RCLoginRegisterController.xib; sourceTree = "<group>"; };
		51507D691D581FA300D2F4E7 /* RCVerticalButton.h */ = {isa = PBXFileReference; fileEncoding = 4; lastKnownFileType = sourcecode.c.h; path = RCVerticalButton.h; sourceTree = "<group>"; };
		51507D6A1D581FA300D2F4E7 /* RCVerticalButton.m */ = {isa = PBXFileReference; fileEncoding = 4; lastKnownFileType = sourcecode.c.objc; path = RCVerticalButton.m; sourceTree = "<group>"; };
		51507D6C1D58653B00D2F4E7 /* RCTextField.h */ = {isa = PBXFileReference; fileEncoding = 4; lastKnownFileType = sourcecode.c.h; path = RCTextField.h; sourceTree = "<group>"; };
		51507D6D1D58653B00D2F4E7 /* RCTextField.m */ = {isa = PBXFileReference; fileEncoding = 4; lastKnownFileType = sourcecode.c.objc; path = RCTextField.m; sourceTree = "<group>"; };
		51A693B51D78673200A36420 /* RCAddToolBarView.h */ = {isa = PBXFileReference; fileEncoding = 4; lastKnownFileType = sourcecode.c.h; path = RCAddToolBarView.h; sourceTree = "<group>"; };
		51A693B61D78673200A36420 /* RCAddToolBarView.m */ = {isa = PBXFileReference; fileEncoding = 4; lastKnownFileType = sourcecode.c.objc; path = RCAddToolBarView.m; sourceTree = "<group>"; };
		51A693B81D78674700A36420 /* RCAddToolBarView.xib */ = {isa = PBXFileReference; fileEncoding = 4; lastKnownFileType = file.xib; path = RCAddToolBarView.xib; sourceTree = "<group>"; };
		51ACB9291D59F8D200D077EB /* RCConst.h */ = {isa = PBXFileReference; fileEncoding = 4; lastKnownFileType = sourcecode.c.h; path = RCConst.h; sourceTree = "<group>"; };
		51ACB92A1D59F8D200D077EB /* RCConst.m */ = {isa = PBXFileReference; fileEncoding = 4; lastKnownFileType = sourcecode.c.objc; path = RCConst.m; sourceTree = "<group>"; };
		51ACB92C1D5A00F200D077EB /* RCDuanZiCell.h */ = {isa = PBXFileReference; fileEncoding = 4; lastKnownFileType = sourcecode.c.h; path = RCDuanZiCell.h; sourceTree = "<group>"; };
		51ACB92D1D5A00F200D077EB /* RCDuanZiCell.m */ = {isa = PBXFileReference; fileEncoding = 4; lastKnownFileType = sourcecode.c.objc; path = RCDuanZiCell.m; sourceTree = "<group>"; };
		51ACB92E1D5A00F200D077EB /* RCDuanZiCell.xib */ = {isa = PBXFileReference; fileEncoding = 4; lastKnownFileType = file.xib; path = RCDuanZiCell.xib; sourceTree = "<group>"; };
		51BB95161D5B0FF200FFA330 /* RCDuanziModel.h */ = {isa = PBXFileReference; fileEncoding = 4; lastKnownFileType = sourcecode.c.h; path = RCDuanziModel.h; sourceTree = "<group>"; };
		51BB95171D5B0FF200FFA330 /* RCDuanziModel.m */ = {isa = PBXFileReference; fileEncoding = 4; lastKnownFileType = sourcecode.c.objc; path = RCDuanziModel.m; sourceTree = "<group>"; };
		51BB95191D5B508800FFA330 /* NSDate+RCExtension.h */ = {isa = PBXFileReference; fileEncoding = 4; lastKnownFileType = sourcecode.c.h; path = "NSDate+RCExtension.h"; sourceTree = "<group>"; };
		51BB951A1D5B508800FFA330 /* NSDate+RCExtension.m */ = {isa = PBXFileReference; fileEncoding = 4; lastKnownFileType = sourcecode.c.objc; path = "NSDate+RCExtension.m"; sourceTree = "<group>"; };
		51D3F0DE1D517A5900038A62 /* RC-BaiSiBuDeJie.app */ = {isa = PBXFileReference; explicitFileType = wrapper.application; includeInIndex = 0; path = "RC-BaiSiBuDeJie.app"; sourceTree = BUILT_PRODUCTS_DIR; };
		51D3F0E21D517A5900038A62 /* main.m */ = {isa = PBXFileReference; lastKnownFileType = sourcecode.c.objc; path = main.m; sourceTree = "<group>"; };
		51D3F0E41D517A5900038A62 /* AppDelegate.h */ = {isa = PBXFileReference; lastKnownFileType = sourcecode.c.h; name = AppDelegate.h; path = ../AppDelegate.h; sourceTree = "<group>"; };
		51D3F0E51D517A5900038A62 /* AppDelegate.m */ = {isa = PBXFileReference; lastKnownFileType = sourcecode.c.objc; name = AppDelegate.m; path = ../AppDelegate.m; sourceTree = "<group>"; };
		51D3F0E71D517A5900038A62 /* ViewController.h */ = {isa = PBXFileReference; lastKnownFileType = sourcecode.c.h; name = ViewController.h; path = ../ViewController.h; sourceTree = "<group>"; };
		51D3F0E81D517A5900038A62 /* ViewController.m */ = {isa = PBXFileReference; lastKnownFileType = sourcecode.c.objc; name = ViewController.m; path = ../ViewController.m; sourceTree = "<group>"; };
		51D3F0EB1D517A5900038A62 /* Base */ = {isa = PBXFileReference; lastKnownFileType = file.storyboard; name = Base; path = Base.lproj/Main.storyboard; sourceTree = "<group>"; };
		51D3F0ED1D517A5900038A62 /* Assets.xcassets */ = {isa = PBXFileReference; lastKnownFileType = folder.assetcatalog; path = Assets.xcassets; sourceTree = "<group>"; };
		51D3F0F01D517A5900038A62 /* Base */ = {isa = PBXFileReference; lastKnownFileType = file.storyboard; name = Base; path = Base.lproj/LaunchScreen.storyboard; sourceTree = "<group>"; };
		51D3F0F21D517A5900038A62 /* Info.plist */ = {isa = PBXFileReference; lastKnownFileType = text.plist.xml; path = Info.plist; sourceTree = "<group>"; };
		51D3F0F71D517A5900038A62 /* RC-BaiSiBuDeJieTests.xctest */ = {isa = PBXFileReference; explicitFileType = wrapper.cfbundle; includeInIndex = 0; path = "RC-BaiSiBuDeJieTests.xctest"; sourceTree = BUILT_PRODUCTS_DIR; };
		51D3F0FB1D517A5900038A62 /* RC_BaiSiBuDeJieTests.m */ = {isa = PBXFileReference; lastKnownFileType = sourcecode.c.objc; path = RC_BaiSiBuDeJieTests.m; sourceTree = "<group>"; };
		51D3F0FD1D517A5900038A62 /* Info.plist */ = {isa = PBXFileReference; lastKnownFileType = text.plist.xml; path = Info.plist; sourceTree = "<group>"; };
		51D3F1021D517A5900038A62 /* RC-BaiSiBuDeJieUITests.xctest */ = {isa = PBXFileReference; explicitFileType = wrapper.cfbundle; includeInIndex = 0; path = "RC-BaiSiBuDeJieUITests.xctest"; sourceTree = BUILT_PRODUCTS_DIR; };
		51D3F1061D517A5900038A62 /* RC_BaiSiBuDeJieUITests.m */ = {isa = PBXFileReference; lastKnownFileType = sourcecode.c.objc; path = RC_BaiSiBuDeJieUITests.m; sourceTree = "<group>"; };
		51D3F1081D517A5900038A62 /* Info.plist */ = {isa = PBXFileReference; lastKnownFileType = text.plist.xml; path = Info.plist; sourceTree = "<group>"; };
		51D9981A1D77C11500B439AC /* RCMeCell.h */ = {isa = PBXFileReference; fileEncoding = 4; lastKnownFileType = sourcecode.c.h; path = RCMeCell.h; sourceTree = "<group>"; };
		51D9981B1D77C11500B439AC /* RCMeCell.m */ = {isa = PBXFileReference; fileEncoding = 4; lastKnownFileType = sourcecode.c.objc; path = RCMeCell.m; sourceTree = "<group>"; };
		51D9981D1D77C51C00B439AC /* RCMeFooterView.h */ = {isa = PBXFileReference; fileEncoding = 4; lastKnownFileType = sourcecode.c.h; path = RCMeFooterView.h; sourceTree = "<group>"; };
		51D9981E1D77C51C00B439AC /* RCMeFooterView.m */ = {isa = PBXFileReference; fileEncoding = 4; lastKnownFileType = sourcecode.c.objc; path = RCMeFooterView.m; sourceTree = "<group>"; };
		51D998201D77C56B00B439AC /* RCSquareModel.h */ = {isa = PBXFileReference; fileEncoding = 4; lastKnownFileType = sourcecode.c.h; path = RCSquareModel.h; sourceTree = "<group>"; };
		51D998211D77C56B00B439AC /* RCSquareModel.m */ = {isa = PBXFileReference; fileEncoding = 4; lastKnownFileType = sourcecode.c.objc; path = RCSquareModel.m; sourceTree = "<group>"; };
		51D998231D77C59C00B439AC /* RCMeSquareButton.h */ = {isa = PBXFileReference; fileEncoding = 4; lastKnownFileType = sourcecode.c.h; path = RCMeSquareButton.h; sourceTree = "<group>"; };
		51D998241D77C59C00B439AC /* RCMeSquareButton.m */ = {isa = PBXFileReference; fileEncoding = 4; lastKnownFileType = sourcecode.c.objc; path = RCMeSquareButton.m; sourceTree = "<group>"; };
		51D998291D77F79900B439AC /* RCMeWebViewController.h */ = {isa = PBXFileReference; fileEncoding = 4; lastKnownFileType = sourcecode.c.h; path = RCMeWebViewController.h; sourceTree = "<group>"; };
		51D9982A1D77F79900B439AC /* RCMeWebViewController.m */ = {isa = PBXFileReference; fileEncoding = 4; lastKnownFileType = sourcecode.c.objc; path = RCMeWebViewController.m; sourceTree = "<group>"; };
		51D9982B1D77F79900B439AC /* RCMeWebViewController.xib */ = {isa = PBXFileReference; fileEncoding = 4; lastKnownFileType = file.xib; path = RCMeWebViewController.xib; sourceTree = "<group>"; };
		51D9982F1D78044C00B439AC /* RCPublishViewController.h */ = {isa = PBXFileReference; fileEncoding = 4; lastKnownFileType = sourcecode.c.h; path = RCPublishViewController.h; sourceTree = "<group>"; };
		51D998301D78044C00B439AC /* RCPublishViewController.m */ = {isa = PBXFileReference; fileEncoding = 4; lastKnownFileType = sourcecode.c.objc; path = RCPublishViewController.m; sourceTree = "<group>"; };
		51D998311D78044C00B439AC /* RCPublishViewController.xib */ = {isa = PBXFileReference; fileEncoding = 4; lastKnownFileType = file.xib; path = RCPublishViewController.xib; sourceTree = "<group>"; };
		51D998361D780A6700B439AC /* RCPubWordViewController.h */ = {isa = PBXFileReference; fileEncoding = 4; lastKnownFileType = sourcecode.c.h; path = RCPubWordViewController.h; sourceTree = "<group>"; };
		51D998371D780A6700B439AC /* RCPubWordViewController.m */ = {isa = PBXFileReference; fileEncoding = 4; lastKnownFileType = sourcecode.c.objc; path = RCPubWordViewController.m; sourceTree = "<group>"; };
		51D998391D7814EF00B439AC /* RCPlaceholderTextView.h */ = {isa = PBXFileReference; fileEncoding = 4; lastKnownFileType = sourcecode.c.h; path = RCPlaceholderTextView.h; sourceTree = "<group>"; };
		51D9983A1D7814EF00B439AC /* RCPlaceholderTextView.m */ = {isa = PBXFileReference; fileEncoding = 4; lastKnownFileType = sourcecode.c.objc; path = RCPlaceholderTextView.m; sourceTree = "<group>"; };
		51DF78D11D532861009A92AA /* UIView+Extension.h */ = {isa = PBXFileReference; fileEncoding = 4; lastKnownFileType = sourcecode.c.h; name = "UIView+Extension.h"; path = "../UIView+Extension.h"; sourceTree = "<group>"; };
		51DF78D21D532861009A92AA /* UIView+Extension.m */ = {isa = PBXFileReference; fileEncoding = 4; lastKnownFileType = sourcecode.c.objc; name = "UIView+Extension.m"; path = "../UIView+Extension.m"; sourceTree = "<group>"; };
		51DF78D51D532C66009A92AA /* UIBarButtonItem+RCExtension.h */ = {isa = PBXFileReference; fileEncoding = 4; lastKnownFileType = sourcecode.c.h; path = "UIBarButtonItem+RCExtension.h"; sourceTree = "<group>"; };
		51DF78D61D532C66009A92AA /* UIBarButtonItem+RCExtension.m */ = {isa = PBXFileReference; fileEncoding = 4; lastKnownFileType = sourcecode.c.objc; path = "UIBarButtonItem+RCExtension.m"; sourceTree = "<group>"; };
		51E54C6D1D7BCA9F00694EB0 /* RCSettingTableViewController.h */ = {isa = PBXFileReference; fileEncoding = 4; lastKnownFileType = sourcecode.c.h; path = RCSettingTableViewController.h; sourceTree = "<group>"; };
		51E54C6E1D7BCA9F00694EB0 /* RCSettingTableViewController.m */ = {isa = PBXFileReference; fileEncoding = 4; lastKnownFileType = sourcecode.c.objc; path = RCSettingTableViewController.m; sourceTree = "<group>"; };
		51E922D81D5C4BC000F846B4 /* RCDuanZiPictureView.h */ = {isa = PBXFileReference; fileEncoding = 4; lastKnownFileType = sourcecode.c.h; path = RCDuanZiPictureView.h; sourceTree = "<group>"; };
		51E922D91D5C4BC000F846B4 /* RCDuanZiPictureView.m */ = {isa = PBXFileReference; fileEncoding = 4; lastKnownFileType = sourcecode.c.objc; path = RCDuanZiPictureView.m; sourceTree = "<group>"; };
		51E922DB1D5C4BD600F846B4 /* RCDuanZiPictureView.xib */ = {isa = PBXFileReference; fileEncoding = 4; lastKnownFileType = file.xib; path = RCDuanZiPictureView.xib; sourceTree = "<group>"; };
		51E922DD1D5C7B9900F846B4 /* RCProgressView.h */ = {isa = PBXFileReference; fileEncoding = 4; lastKnownFileType = sourcecode.c.h; path = RCProgressView.h; sourceTree = "<group>"; };
		51E922DE1D5C7B9900F846B4 /* RCProgressView.m */ = {isa = PBXFileReference; fileEncoding = 4; lastKnownFileType = sourcecode.c.objc; path = RCProgressView.m; sourceTree = "<group>"; };
		51E922E01D5CA34C00F846B4 /* RCShowPictureViewController.h */ = {isa = PBXFileReference; fileEncoding = 4; lastKnownFileType = sourcecode.c.h; path = RCShowPictureViewController.h; sourceTree = "<group>"; };
		51E922E11D5CA34C00F846B4 /* RCShowPictureViewController.m */ = {isa = PBXFileReference; fileEncoding = 4; lastKnownFileType = sourcecode.c.objc; path = RCShowPictureViewController.m; sourceTree = "<group>"; };
		51E922E21D5CA34C00F846B4 /* RCShowPictureViewController.xib */ = {isa = PBXFileReference; fileEncoding = 4; lastKnownFileType = file.xib; path = RCShowPictureViewController.xib; sourceTree = "<group>"; };
		51EF04051D54325E007B87A7 /* Foundation+Log.m */ = {isa = PBXFileReference; fileEncoding = 4; lastKnownFileType = sourcecode.c.objc; path = "Foundation+Log.m"; sourceTree = "<group>"; };
		51EF040C1D543438007B87A7 /* RCFriendTViewController.h */ = {isa = PBXFileReference; fileEncoding = 4; lastKnownFileType = sourcecode.c.h; path = RCFriendTViewController.h; sourceTree = "<group>"; };
		51EF040D1D543438007B87A7 /* RCFriendTViewController.m */ = {isa = PBXFileReference; fileEncoding = 4; lastKnownFileType = sourcecode.c.objc; path = RCFriendTViewController.m; sourceTree = "<group>"; };
		51EF040E1D543438007B87A7 /* RCFriendTViewController.xib */ = {isa = PBXFileReference; fileEncoding = 4; lastKnownFileType = file.xib; path = RCFriendTViewController.xib; sourceTree = "<group>"; };
		51EF04101D543438007B87A7 /* RCRecommendVController.h */ = {isa = PBXFileReference; fileEncoding = 4; lastKnownFileType = sourcecode.c.h; path = RCRecommendVController.h; sourceTree = "<group>"; };
		51EF04111D543438007B87A7 /* RCRecommendVController.m */ = {isa = PBXFileReference; fileEncoding = 4; lastKnownFileType = sourcecode.c.objc; path = RCRecommendVController.m; sourceTree = "<group>"; };
		51EF04121D543438007B87A7 /* RCRecommendVController.xib */ = {isa = PBXFileReference; fileEncoding = 4; lastKnownFileType = file.xib; path = RCRecommendVController.xib; sourceTree = "<group>"; };
		51EF041B1D543491007B87A7 /* RCEssenceViewController.h */ = {isa = PBXFileReference; fileEncoding = 4; lastKnownFileType = sourcecode.c.h; path = RCEssenceViewController.h; sourceTree = "<group>"; };
		51EF041C1D543491007B87A7 /* RCEssenceViewController.m */ = {isa = PBXFileReference; fileEncoding = 4; lastKnownFileType = sourcecode.c.objc; path = RCEssenceViewController.m; sourceTree = "<group>"; };
		51EF04241D5434D4007B87A7 /* RCNewViewController.h */ = {isa = PBXFileReference; fileEncoding = 4; lastKnownFileType = sourcecode.c.h; path = RCNewViewController.h; sourceTree = "<group>"; };
		51EF04251D5434D4007B87A7 /* RCNewViewController.m */ = {isa = PBXFileReference; fileEncoding = 4; lastKnownFileType = sourcecode.c.objc; path = RCNewViewController.m; sourceTree = "<group>"; };
		51EF04261D5434D4007B87A7 /* RCNewViewController.xib */ = {isa = PBXFileReference; fileEncoding = 4; lastKnownFileType = file.xib; path = RCNewViewController.xib; sourceTree = "<group>"; };
		51EF042D1D543516007B87A7 /* RCMeViewController.h */ = {isa = PBXFileReference; fileEncoding = 4; lastKnownFileType = sourcecode.c.h; path = RCMeViewController.h; sourceTree = "<group>"; };
		51EF042E1D543516007B87A7 /* RCMeViewController.m */ = {isa = PBXFileReference; fileEncoding = 4; lastKnownFileType = sourcecode.c.objc; path = RCMeViewController.m; sourceTree = "<group>"; };
		51EF042F1D543516007B87A7 /* RCMeViewController.xib */ = {isa = PBXFileReference; fileEncoding = 4; lastKnownFileType = file.xib; path = RCMeViewController.xib; sourceTree = "<group>"; };
		51EF04341D543572007B87A7 /* RCRecommendModel.h */ = {isa = PBXFileReference; fileEncoding = 4; lastKnownFileType = sourcecode.c.h; path = RCRecommendModel.h; sourceTree = "<group>"; };
		51EF04351D543572007B87A7 /* RCRecommendModel.m */ = {isa = PBXFileReference; fileEncoding = 4; lastKnownFileType = sourcecode.c.objc; path = RCRecommendModel.m; sourceTree = "<group>"; };
		51EF04371D544308007B87A7 /* RCRecommendTableViewCell.h */ = {isa = PBXFileReference; fileEncoding = 4; lastKnownFileType = sourcecode.c.h; path = RCRecommendTableViewCell.h; sourceTree = "<group>"; };
		51EF04381D544308007B87A7 /* RCRecommendTableViewCell.m */ = {isa = PBXFileReference; fileEncoding = 4; lastKnownFileType = sourcecode.c.objc; path = RCRecommendTableViewCell.m; sourceTree = "<group>"; };
		51EF04391D544308007B87A7 /* RCRecommendTableViewCell.xib */ = {isa = PBXFileReference; fileEncoding = 4; lastKnownFileType = file.xib; path = RCRecommendTableViewCell.xib; sourceTree = "<group>"; };
		51EF043C1D547E15007B87A7 /* RCRecommendUserTableVCell.h */ = {isa = PBXFileReference; fileEncoding = 4; lastKnownFileType = sourcecode.c.h; path = RCRecommendUserTableVCell.h; sourceTree = "<group>"; };
		51EF043D1D547E15007B87A7 /* RCRecommendUserTableVCell.m */ = {isa = PBXFileReference; fileEncoding = 4; lastKnownFileType = sourcecode.c.objc; path = RCRecommendUserTableVCell.m; sourceTree = "<group>"; };
		51EF043E1D547E15007B87A7 /* RCRecommendUserTableVCell.xib */ = {isa = PBXFileReference; fileEncoding = 4; lastKnownFileType = file.xib; path = RCRecommendUserTableVCell.xib; sourceTree = "<group>"; };
		51EF04411D5482EB007B87A7 /* RCRecommendUserModel.h */ = {isa = PBXFileReference; fileEncoding = 4; lastKnownFileType = sourcecode.c.h; path = RCRecommendUserModel.h; sourceTree = "<group>"; };
		51EF04421D5482EB007B87A7 /* RCRecommendUserModel.m */ = {isa = PBXFileReference; fileEncoding = 4; lastKnownFileType = sourcecode.c.objc; path = RCRecommendUserModel.m; sourceTree = "<group>"; };
		51F0E15D1D75194B008A74F3 /* RCCommentHeadView.h */ = {isa = PBXFileReference; fileEncoding = 4; lastKnownFileType = sourcecode.c.h; path = RCCommentHeadView.h; sourceTree = "<group>"; };
		51F0E15E1D75194B008A74F3 /* RCCommentHeadView.m */ = {isa = PBXFileReference; fileEncoding = 4; lastKnownFileType = sourcecode.c.objc; path = RCCommentHeadView.m; sourceTree = "<group>"; };
		51F0E1661D75C0E7008A74F3 /* RCCommentCell.h */ = {isa = PBXFileReference; fileEncoding = 4; lastKnownFileType = sourcecode.c.h; path = RCCommentCell.h; sourceTree = "<group>"; };
		51F0E1671D75C0E7008A74F3 /* RCCommentCell.m */ = {isa = PBXFileReference; fileEncoding = 4; lastKnownFileType = sourcecode.c.objc; path = RCCommentCell.m; sourceTree = "<group>"; };
		51F0E1681D75C0E7008A74F3 /* RCCommentCell.xib */ = {isa = PBXFileReference; fileEncoding = 4; lastKnownFileType = file.xib; path = RCCommentCell.xib; sourceTree = "<group>"; };
		51F626551D79115E00B9AE6F /* RCAddTagViewController.h */ = {isa = PBXFileReference; fileEncoding = 4; lastKnownFileType = sourcecode.c.h; path = RCAddTagViewController.h; sourceTree = "<group>"; };
		51F626561D79115E00B9AE6F /* RCAddTagViewController.m */ = {isa = PBXFileReference; fileEncoding = 4; lastKnownFileType = sourcecode.c.objc; path = RCAddTagViewController.m; sourceTree = "<group>"; };
		51F6265A1D7921D800B9AE6F /* RCPubTagButton.h */ = {isa = PBXFileReference; fileEncoding = 4; lastKnownFileType = sourcecode.c.h; path = RCPubTagButton.h; sourceTree = "<group>"; };
		51F6265B1D7921D800B9AE6F /* RCPubTagButton.m */ = {isa = PBXFileReference; fileEncoding = 4; lastKnownFileType = sourcecode.c.objc; path = RCPubTagButton.m; sourceTree = "<group>"; };
		51F6265D1D79704000B9AE6F /* RCPubTextField.h */ = {isa = PBXFileReference; fileEncoding = 4; lastKnownFileType = sourcecode.c.h; path = RCPubTextField.h; sourceTree = "<group>"; };
		51F6265E1D79704000B9AE6F /* RCPubTextField.m */ = {isa = PBXFileReference; fileEncoding = 4; lastKnownFileType = sourcecode.c.objc; path = RCPubTextField.m; sourceTree = "<group>"; };
		6F9C4D90606DB8CA46576FF1 /* Pods.debug.xcconfig */ = {isa = PBXFileReference; includeInIndex = 1; lastKnownFileType = text.xcconfig; name = Pods.debug.xcconfig; path = "Pods/Target Support Files/Pods/Pods.debug.xcconfig"; sourceTree = "<group>"; };
		C9ADBD31FB7E244F98953DD4 /* libPods.a */ = {isa = PBXFileReference; explicitFileType = archive.ar; includeInIndex = 0; path = libPods.a; sourceTree = BUILT_PRODUCTS_DIR; };
/* End PBXFileReference section */

/* Begin PBXFrameworksBuildPhase section */
		51D3F0DB1D517A5900038A62 /* Frameworks */ = {
			isa = PBXFrameworksBuildPhase;
			buildActionMask = 2147483647;
			files = (
				BC8A0DCE8D60AA08BA18214B /* libPods.a in Frameworks */,
			);
			runOnlyForDeploymentPostprocessing = 0;
		};
		51D3F0F41D517A5900038A62 /* Frameworks */ = {
			isa = PBXFrameworksBuildPhase;
			buildActionMask = 2147483647;
			files = (
			);
			runOnlyForDeploymentPostprocessing = 0;
		};
		51D3F0FF1D517A5900038A62 /* Frameworks */ = {
			isa = PBXFrameworksBuildPhase;
			buildActionMask = 2147483647;
			files = (
			);
			runOnlyForDeploymentPostprocessing = 0;
		};
/* End PBXFrameworksBuildPhase section */

/* Begin PBXGroup section */
		4CE338A8F06F22BFD55929E4 /* Frameworks */ = {
			isa = PBXGroup;
			children = (
				C9ADBD31FB7E244F98953DD4 /* libPods.a */,
			);
			name = Frameworks;
			sourceTree = "<group>";
		};
		510456631D596EAB003954D1 /* 段子 */ = {
			isa = PBXGroup;
			children = (
				510456951D5970F1003954D1 /* RCDuanZiTableViewController.h */,
				510456961D5970F1003954D1 /* RCDuanZiTableViewController.m */,
				5128A15D1D741A7F000F69D2 /* RCCommentViewController.h */,
				5128A15E1D741A7F000F69D2 /* RCCommentViewController.m */,
				5128A15F1D741A7F000F69D2 /* RCCommentViewController.xib */,
				51E922E01D5CA34C00F846B4 /* RCShowPictureViewController.h */,
				51E922E11D5CA34C00F846B4 /* RCShowPictureViewController.m */,
				51E922E21D5CA34C00F846B4 /* RCShowPictureViewController.xib */,
				51ACB92C1D5A00F200D077EB /* RCDuanZiCell.h */,
				51ACB92D1D5A00F200D077EB /* RCDuanZiCell.m */,
				51ACB92E1D5A00F200D077EB /* RCDuanZiCell.xib */,
			);
			path = "段子";
			sourceTree = "<group>";
		};
		512F515C1D5209F60080905E /* Other */ = {
			isa = PBXGroup;
			children = (
				51DF78D41D532C10009A92AA /* Category */,
				512F515D1D520A330080905E /* RCNavigationController.h */,
				512F515E1D520A330080905E /* RCNavigationController.m */,
				512F51601D520A4D0080905E /* RCTabBarController.h */,
				512F51611D520A4D0080905E /* RCTabBarController.m */,
				512F51631D520A5B0080905E /* RCTabBar.h */,
				512F51641D520A5B0080905E /* RCTabBar.m */,
				510617151D76BDBC00357084 /* RCTopWindow.h */,
				510617161D76BDBC00357084 /* RCTopWindow.m */,
			);
			path = Other;
			sourceTree = "<group>";
		};
		512F51661D520A680080905E /* Main */ = {
			isa = PBXGroup;
			children = (
				51D3F0E41D517A5900038A62 /* AppDelegate.h */,
				51D3F0E51D517A5900038A62 /* AppDelegate.m */,
				51D3F0E71D517A5900038A62 /* ViewController.h */,
				51D3F0E81D517A5900038A62 /* ViewController.m */,
			);
			path = Main;
			sourceTree = "<group>";
		};
		512F51671D520AA60080905E /* Essence-精华 */ = {
			isa = PBXGroup;
			children = (
				51EF04191D543491007B87A7 /* Controller */,
				51BB95151D5B0FF200FFA330 /* Model */,
				51EF041F1D543491007B87A7 /* View */,
			);
			path = "Essence-精华";
			sourceTree = "<group>";
		};
		512F51681D520AC60080905E /* FriendTrends-关注 */ = {
			isa = PBXGroup;
			children = (
				51EF040A1D543438007B87A7 /* Controller */,
				51EF04131D543438007B87A7 /* Model */,
				51EF04141D543438007B87A7 /* View */,
			);
			path = "FriendTrends-关注";
			sourceTree = "<group>";
		};
		512F51691D520B3A0080905E /* New-新帖 */ = {
			isa = PBXGroup;
			children = (
				51EF04221D5434D4007B87A7 /* Controller */,
				51EF04271D5434D4007B87A7 /* Model */,
				51EF04281D5434D4007B87A7 /* View */,
			);
			path = "New-新帖";
			sourceTree = "<group>";
		};
		512F516A1D520B510080905E /* Me-我 */ = {
			isa = PBXGroup;
			children = (
				51EF042B1D543516007B87A7 /* Controller */,
				51EF04301D543516007B87A7 /* Model */,
				51EF04311D543516007B87A7 /* View */,
			);
			path = "Me-我";
			sourceTree = "<group>";
		};
		51507D5B1D5815CD00D2F4E7 /* LoginRegister-登陆注册 */ = {
			isa = PBXGroup;
			children = (
				51507D631D581D0200D2F4E7 /* Controller */,
				51507D611D581CB000D2F4E7 /* View */,
			);
			path = "LoginRegister-登陆注册";
			sourceTree = "<group>";
		};
		51507D611D581CB000D2F4E7 /* View */ = {
			isa = PBXGroup;
			children = (
				51507D691D581FA300D2F4E7 /* RCVerticalButton.h */,
				51507D6A1D581FA300D2F4E7 /* RCVerticalButton.m */,
				51507D6C1D58653B00D2F4E7 /* RCTextField.h */,
				51507D6D1D58653B00D2F4E7 /* RCTextField.m */,
			);
			path = View;
			sourceTree = "<group>";
		};
		51507D631D581D0200D2F4E7 /* Controller */ = {
			isa = PBXGroup;
			children = (
				51507D641D581D0200D2F4E7 /* RCLoginRegisterController.h */,
				51507D651D581D0200D2F4E7 /* RCLoginRegisterController.m */,
				51507D661D581D0200D2F4E7 /* RCLoginRegisterController.xib */,
			);
			path = Controller;
			sourceTree = "<group>";
		};
		51BB95151D5B0FF200FFA330 /* Model */ = {
			isa = PBXGroup;
			children = (
				51BB95161D5B0FF200FFA330 /* RCDuanziModel.h */,
				51BB95171D5B0FF200FFA330 /* RCDuanziModel.m */,
				5128A1571D73F41F000F69D2 /* RCUserModel.h */,
				5128A1581D73F41F000F69D2 /* RCUserModel.m */,
				5128A15A1D73F5D8000F69D2 /* RCCommentModel.h */,
				5128A15B1D73F5D8000F69D2 /* RCCommentModel.m */,
			);
			path = Model;
			sourceTree = "<group>";
		};
		51D3F0D51D517A5900038A62 = {
			isa = PBXGroup;
			children = (
				51D3F0E01D517A5900038A62 /* RC-BaiSiBuDeJie */,
				51D3F0FA1D517A5900038A62 /* RC-BaiSiBuDeJieTests */,
				51D3F1051D517A5900038A62 /* RC-BaiSiBuDeJieUITests */,
				51D3F0DF1D517A5900038A62 /* Products */,
				9F43C033823C301B0F234FD2 /* Pods */,
				4CE338A8F06F22BFD55929E4 /* Frameworks */,
			);
			sourceTree = "<group>";
		};
		51D3F0DF1D517A5900038A62 /* Products */ = {
			isa = PBXGroup;
			children = (
				51D3F0DE1D517A5900038A62 /* RC-BaiSiBuDeJie.app */,
				51D3F0F71D517A5900038A62 /* RC-BaiSiBuDeJieTests.xctest */,
				51D3F1021D517A5900038A62 /* RC-BaiSiBuDeJieUITests.xctest */,
			);
			name = Products;
			sourceTree = "<group>";
		};
		51D3F0E01D517A5900038A62 /* RC-BaiSiBuDeJie */ = {
			isa = PBXGroup;
			children = (
				512F51661D520A680080905E /* Main */,
				512F515C1D5209F60080905E /* Other */,
				512F51671D520AA60080905E /* Essence-精华 */,
				512F51691D520B3A0080905E /* New-新帖 */,
				51E922E51D5CBA8800F846B4 /* Publish-发布 */,
				512F51681D520AC60080905E /* FriendTrends-关注 */,
				512F516A1D520B510080905E /* Me-我 */,
				51507D5B1D5815CD00D2F4E7 /* LoginRegister-登陆注册 */,
				51D3F0E11D517A5900038A62 /* Supporting Files */,
				512F515B1D5208A30080905E /* rcBS.pch */,
			);
			path = "RC-BaiSiBuDeJie";
			sourceTree = "<group>";
		};
		51D3F0E11D517A5900038A62 /* Supporting Files */ = {
			isa = PBXGroup;
			children = (
				51D3F0F21D517A5900038A62 /* Info.plist */,
				51D3F0EA1D517A5900038A62 /* Main.storyboard */,
				51D3F0ED1D517A5900038A62 /* Assets.xcassets */,
				51D3F0EF1D517A5900038A62 /* LaunchScreen.storyboard */,
				51D3F0E21D517A5900038A62 /* main.m */,
			);
			name = "Supporting Files";
			sourceTree = "<group>";
		};
		51D3F0FA1D517A5900038A62 /* RC-BaiSiBuDeJieTests */ = {
			isa = PBXGroup;
			children = (
				51D3F0FB1D517A5900038A62 /* RC_BaiSiBuDeJieTests.m */,
				51D3F0FD1D517A5900038A62 /* Info.plist */,
			);
			path = "RC-BaiSiBuDeJieTests";
			sourceTree = "<group>";
		};
		51D3F1051D517A5900038A62 /* RC-BaiSiBuDeJieUITests */ = {
			isa = PBXGroup;
			children = (
				51D3F1061D517A5900038A62 /* RC_BaiSiBuDeJieUITests.m */,
				51D3F1081D517A5900038A62 /* Info.plist */,
			);
			path = "RC-BaiSiBuDeJieUITests";
			sourceTree = "<group>";
		};
		51D9982E1D78044C00B439AC /* Controller */ = {
			isa = PBXGroup;
			children = (
				51D9982F1D78044C00B439AC /* RCPublishViewController.h */,
				51D998301D78044C00B439AC /* RCPublishViewController.m */,
				51D998311D78044C00B439AC /* RCPublishViewController.xib */,
				51D998361D780A6700B439AC /* RCPubWordViewController.h */,
				51D998371D780A6700B439AC /* RCPubWordViewController.m */,
				51F626551D79115E00B9AE6F /* RCAddTagViewController.h */,
				51F626561D79115E00B9AE6F /* RCAddTagViewController.m */,
			);
			path = Controller;
			sourceTree = "<group>";
		};
		51D998321D78044C00B439AC /* Model */ = {
			isa = PBXGroup;
			children = (
			);
			path = Model;
			sourceTree = "<group>";
		};
		51D998331D78044C00B439AC /* View */ = {
			isa = PBXGroup;
			children = (
				51D998391D7814EF00B439AC /* RCPlaceholderTextView.h */,
				51D9983A1D7814EF00B439AC /* RCPlaceholderTextView.m */,
				51A693B51D78673200A36420 /* RCAddToolBarView.h */,
				51A693B61D78673200A36420 /* RCAddToolBarView.m */,
				51A693B81D78674700A36420 /* RCAddToolBarView.xib */,
				51F6265A1D7921D800B9AE6F /* RCPubTagButton.h */,
				51F6265B1D7921D800B9AE6F /* RCPubTagButton.m */,
				51F6265D1D79704000B9AE6F /* RCPubTextField.h */,
				51F6265E1D79704000B9AE6F /* RCPubTextField.m */,
			);
			path = View;
			sourceTree = "<group>";
		};
		51DF78D41D532C10009A92AA /* Category */ = {
			isa = PBXGroup;
			children = (
				51EF04051D54325E007B87A7 /* Foundation+Log.m */,
				51DF78D11D532861009A92AA /* UIView+Extension.h */,
				51DF78D21D532861009A92AA /* UIView+Extension.m */,
				51DF78D51D532C66009A92AA /* UIBarButtonItem+RCExtension.h */,
				51DF78D61D532C66009A92AA /* UIBarButtonItem+RCExtension.m */,
				51ACB9291D59F8D200D077EB /* RCConst.h */,
				51ACB92A1D59F8D200D077EB /* RCConst.m */,
				51BB95191D5B508800FFA330 /* NSDate+RCExtension.h */,
				51BB951A1D5B508800FFA330 /* NSDate+RCExtension.m */,
				5106175A1D76FF5700357084 /* UIImage+RCExtension.h */,
				5106175B1D76FF5700357084 /* UIImage+RCExtension.m */,
				5106175D1D7701F800357084 /* UIImageView+RCExtension.h */,
				5106175E1D7701F800357084 /* UIImageView+RCExtension.m */,
			);
			path = Category;
			sourceTree = "<group>";
		};
		51E922E51D5CBA8800F846B4 /* Publish-发布 */ = {
			isa = PBXGroup;
			children = (
				51D9982E1D78044C00B439AC /* Controller */,
				51D998321D78044C00B439AC /* Model */,
				51D998331D78044C00B439AC /* View */,
			);
			path = "Publish-发布";
			sourceTree = "<group>";
		};
		51EF040A1D543438007B87A7 /* Controller */ = {
			isa = PBXGroup;
			children = (
				51EF040B1D543438007B87A7 /* 关注 */,
				51EF040F1D543438007B87A7 /* 推荐 */,
			);
			path = Controller;
			sourceTree = "<group>";
		};
		51EF040B1D543438007B87A7 /* 关注 */ = {
			isa = PBXGroup;
			children = (
				51EF040C1D543438007B87A7 /* RCFriendTViewController.h */,
				51EF040D1D543438007B87A7 /* RCFriendTViewController.m */,
				51EF040E1D543438007B87A7 /* RCFriendTViewController.xib */,
			);
			path = "关注";
			sourceTree = "<group>";
		};
		51EF040F1D543438007B87A7 /* 推荐 */ = {
			isa = PBXGroup;
			children = (
				51EF04101D543438007B87A7 /* RCRecommendVController.h */,
				51EF04111D543438007B87A7 /* RCRecommendVController.m */,
				51EF04121D543438007B87A7 /* RCRecommendVController.xib */,
			);
			path = "推荐";
			sourceTree = "<group>";
		};
		51EF04131D543438007B87A7 /* Model */ = {
			isa = PBXGroup;
			children = (
				51EF04341D543572007B87A7 /* RCRecommendModel.h */,
				51EF04351D543572007B87A7 /* RCRecommendModel.m */,
				51EF04411D5482EB007B87A7 /* RCRecommendUserModel.h */,
				51EF04421D5482EB007B87A7 /* RCRecommendUserModel.m */,
			);
			path = Model;
			sourceTree = "<group>";
		};
		51EF04141D543438007B87A7 /* View */ = {
			isa = PBXGroup;
			children = (
				51EF04371D544308007B87A7 /* RCRecommendTableViewCell.h */,
				51EF04381D544308007B87A7 /* RCRecommendTableViewCell.m */,
				51EF04391D544308007B87A7 /* RCRecommendTableViewCell.xib */,
				51EF043C1D547E15007B87A7 /* RCRecommendUserTableVCell.h */,
				51EF043D1D547E15007B87A7 /* RCRecommendUserTableVCell.m */,
				51EF043E1D547E15007B87A7 /* RCRecommendUserTableVCell.xib */,
			);
			path = View;
			sourceTree = "<group>";
		};
		51EF04191D543491007B87A7 /* Controller */ = {
			isa = PBXGroup;
			children = (
				51EF041A1D543491007B87A7 /* 精华 */,
				510456631D596EAB003954D1 /* 段子 */,
			);
			path = Controller;
			sourceTree = "<group>";
		};
		51EF041A1D543491007B87A7 /* 精华 */ = {
			isa = PBXGroup;
			children = (
				51EF041B1D543491007B87A7 /* RCEssenceViewController.h */,
				51EF041C1D543491007B87A7 /* RCEssenceViewController.m */,
			);
			path = "精华";
			sourceTree = "<group>";
		};
		51EF041F1D543491007B87A7 /* View */ = {
			isa = PBXGroup;
			children = (
				51E922D81D5C4BC000F846B4 /* RCDuanZiPictureView.h */,
				51E922D91D5C4BC000F846B4 /* RCDuanZiPictureView.m */,
				51E922DB1D5C4BD600F846B4 /* RCDuanZiPictureView.xib */,
				51E922DD1D5C7B9900F846B4 /* RCProgressView.h */,
				51E922DE1D5C7B9900F846B4 /* RCProgressView.m */,
				51313DC41D614D0600B05D73 /* RCDuanZiVioceView.h */,
				51313DC51D614D0600B05D73 /* RCDuanZiVioceView.m */,
				51313DC71D614D3100B05D73 /* RCDuanZiVioceView.xib */,
				51313E1E1D61DE5900B05D73 /* RCVideoView.h */,
				51313E1F1D61DE5900B05D73 /* RCVideoView.m */,
				51313E211D61DE7E00B05D73 /* RCVideoView.xib */,
				51F0E15D1D75194B008A74F3 /* RCCommentHeadView.h */,
				51F0E15E1D75194B008A74F3 /* RCCommentHeadView.m */,
				51F0E1661D75C0E7008A74F3 /* RCCommentCell.h */,
				51F0E1671D75C0E7008A74F3 /* RCCommentCell.m */,
				51F0E1681D75C0E7008A74F3 /* RCCommentCell.xib */,
			);
			path = View;
			sourceTree = "<group>";
		};
		51EF04221D5434D4007B87A7 /* Controller */ = {
			isa = PBXGroup;
			children = (
				51EF04231D5434D4007B87A7 /* 新帖 */,
			);
			path = Controller;
			sourceTree = "<group>";
		};
		51EF04231D5434D4007B87A7 /* 新帖 */ = {
			isa = PBXGroup;
			children = (
				51EF04241D5434D4007B87A7 /* RCNewViewController.h */,
				51EF04251D5434D4007B87A7 /* RCNewViewController.m */,
				51EF04261D5434D4007B87A7 /* RCNewViewController.xib */,
			);
			path = "新帖";
			sourceTree = "<group>";
		};
		51EF04271D5434D4007B87A7 /* Model */ = {
			isa = PBXGroup;
			children = (
			);
			path = Model;
			sourceTree = "<group>";
		};
		51EF04281D5434D4007B87A7 /* View */ = {
			isa = PBXGroup;
			children = (
			);
			path = View;
			sourceTree = "<group>";
		};
		51EF042B1D543516007B87A7 /* Controller */ = {
			isa = PBXGroup;
			children = (
				51EF042C1D543516007B87A7 /* 我 */,
			);
			path = Controller;
			sourceTree = "<group>";
		};
		51EF042C1D543516007B87A7 /* 我 */ = {
			isa = PBXGroup;
			children = (
				51EF042D1D543516007B87A7 /* RCMeViewController.h */,
				51EF042E1D543516007B87A7 /* RCMeViewController.m */,
				51EF042F1D543516007B87A7 /* RCMeViewController.xib */,
				51D998291D77F79900B439AC /* RCMeWebViewController.h */,
				51D9982A1D77F79900B439AC /* RCMeWebViewController.m */,
				51D9982B1D77F79900B439AC /* RCMeWebViewController.xib */,
				51E54C6D1D7BCA9F00694EB0 /* RCSettingTableViewController.h */,
				51E54C6E1D7BCA9F00694EB0 /* RCSettingTableViewController.m */,
			);
			path = "我";
			sourceTree = "<group>";
		};
		51EF04301D543516007B87A7 /* Model */ = {
			isa = PBXGroup;
			children = (
				51D998201D77C56B00B439AC /* RCSquareModel.h */,
				51D998211D77C56B00B439AC /* RCSquareModel.m */,
			);
			path = Model;
			sourceTree = "<group>";
		};
		51EF04311D543516007B87A7 /* View */ = {
			isa = PBXGroup;
			children = (
				51D9981A1D77C11500B439AC /* RCMeCell.h */,
				51D9981B1D77C11500B439AC /* RCMeCell.m */,
				51D9981D1D77C51C00B439AC /* RCMeFooterView.h */,
				51D9981E1D77C51C00B439AC /* RCMeFooterView.m */,
				51D998231D77C59C00B439AC /* RCMeSquareButton.h */,
				51D998241D77C59C00B439AC /* RCMeSquareButton.m */,
			);
			path = View;
			sourceTree = "<group>";
		};
		9F43C033823C301B0F234FD2 /* Pods */ = {
			isa = PBXGroup;
			children = (
				6F9C4D90606DB8CA46576FF1 /* Pods.debug.xcconfig */,
				076E578F15539EB0F54E923D /* Pods.release.xcconfig */,
			);
			name = Pods;
			sourceTree = "<group>";
		};
/* End PBXGroup section */

/* Begin PBXNativeTarget section */
		51D3F0DD1D517A5900038A62 /* RC-BaiSiBuDeJie */ = {
			isa = PBXNativeTarget;
			buildConfigurationList = 51D3F10B1D517A5900038A62 /* Build configuration list for PBXNativeTarget "RC-BaiSiBuDeJie" */;
			buildPhases = (
				0A96256F5A2B06CBBF802210 /* Check Pods Manifest.lock */,
				51D3F0DA1D517A5900038A62 /* Sources */,
				51D3F0DB1D517A5900038A62 /* Frameworks */,
				51D3F0DC1D517A5900038A62 /* Resources */,
				3FAB04D7A3A316A7BD2902D0 /* Embed Pods Frameworks */,
				2FC971ACA78B49E19790FC35 /* Copy Pods Resources */,
			);
			buildRules = (
			);
			dependencies = (
			);
			name = "RC-BaiSiBuDeJie";
			productName = "RC-BaiSiBuDeJie";
			productReference = 51D3F0DE1D517A5900038A62 /* RC-BaiSiBuDeJie.app */;
			productType = "com.apple.product-type.application";
		};
		51D3F0F61D517A5900038A62 /* RC-BaiSiBuDeJieTests */ = {
			isa = PBXNativeTarget;
			buildConfigurationList = 51D3F10E1D517A5900038A62 /* Build configuration list for PBXNativeTarget "RC-BaiSiBuDeJieTests" */;
			buildPhases = (
				51D3F0F31D517A5900038A62 /* Sources */,
				51D3F0F41D517A5900038A62 /* Frameworks */,
				51D3F0F51D517A5900038A62 /* Resources */,
			);
			buildRules = (
			);
			dependencies = (
				51D3F0F91D517A5900038A62 /* PBXTargetDependency */,
			);
			name = "RC-BaiSiBuDeJieTests";
			productName = "RC-BaiSiBuDeJieTests";
			productReference = 51D3F0F71D517A5900038A62 /* RC-BaiSiBuDeJieTests.xctest */;
			productType = "com.apple.product-type.bundle.unit-test";
		};
		51D3F1011D517A5900038A62 /* RC-BaiSiBuDeJieUITests */ = {
			isa = PBXNativeTarget;
			buildConfigurationList = 51D3F1111D517A5900038A62 /* Build configuration list for PBXNativeTarget "RC-BaiSiBuDeJieUITests" */;
			buildPhases = (
				51D3F0FE1D517A5900038A62 /* Sources */,
				51D3F0FF1D517A5900038A62 /* Frameworks */,
				51D3F1001D517A5900038A62 /* Resources */,
			);
			buildRules = (
			);
			dependencies = (
				51D3F1041D517A5900038A62 /* PBXTargetDependency */,
			);
			name = "RC-BaiSiBuDeJieUITests";
			productName = "RC-BaiSiBuDeJieUITests";
			productReference = 51D3F1021D517A5900038A62 /* RC-BaiSiBuDeJieUITests.xctest */;
			productType = "com.apple.product-type.bundle.ui-testing";
		};
/* End PBXNativeTarget section */

/* Begin PBXProject section */
		51D3F0D61D517A5900038A62 /* Project object */ = {
			isa = PBXProject;
			attributes = {
				CLASSPREFIX = RC;
				LastUpgradeCheck = 0730;
				ORGANIZATIONNAME = RongCheng;
				TargetAttributes = {
					51D3F0DD1D517A5900038A62 = {
						CreatedOnToolsVersion = 7.3.1;
						DevelopmentTeam = 34D922C2LE;
					};
					51D3F0F61D517A5900038A62 = {
						CreatedOnToolsVersion = 7.3.1;
						TestTargetID = 51D3F0DD1D517A5900038A62;
					};
					51D3F1011D517A5900038A62 = {
						CreatedOnToolsVersion = 7.3.1;
						TestTargetID = 51D3F0DD1D517A5900038A62;
					};
				};
			};
			buildConfigurationList = 51D3F0D91D517A5900038A62 /* Build configuration list for PBXProject "RC-BaiSiBuDeJie" */;
			compatibilityVersion = "Xcode 3.2";
			developmentRegion = English;
			hasScannedForEncodings = 0;
			knownRegions = (
				en,
				Base,
			);
			mainGroup = 51D3F0D51D517A5900038A62;
			productRefGroup = 51D3F0DF1D517A5900038A62 /* Products */;
			projectDirPath = "";
			projectRoot = "";
			targets = (
				51D3F0DD1D517A5900038A62 /* RC-BaiSiBuDeJie */,
				51D3F0F61D517A5900038A62 /* RC-BaiSiBuDeJieTests */,
				51D3F1011D517A5900038A62 /* RC-BaiSiBuDeJieUITests */,
			);
		};
/* End PBXProject section */

/* Begin PBXResourcesBuildPhase section */
		51D3F0DC1D517A5900038A62 /* Resources */ = {
			isa = PBXResourcesBuildPhase;
			buildActionMask = 2147483647;
			files = (
				51313DC81D614D3100B05D73 /* RCDuanZiVioceView.xib in Resources */,
				51D3F0F11D517A5900038A62 /* LaunchScreen.storyboard in Resources */,
				51D3F0EE1D517A5900038A62 /* Assets.xcassets in Resources */,
				51EF04401D547E15007B87A7 /* RCRecommendUserTableVCell.xib in Resources */,
				51E922DC1D5C4BD600F846B4 /* RCDuanZiPictureView.xib in Resources */,
				51E922E41D5CA34C00F846B4 /* RCShowPictureViewController.xib in Resources */,
				51EF04181D543438007B87A7 /* RCRecommendVController.xib in Resources */,
				51313E221D61DE7E00B05D73 /* RCVideoView.xib in Resources */,
				51EF04161D543438007B87A7 /* RCFriendTViewController.xib in Resources */,
				51507D681D581D0200D2F4E7 /* RCLoginRegisterController.xib in Resources */,
				51EF04331D543516007B87A7 /* RCMeViewController.xib in Resources */,
				51EF043B1D544308007B87A7 /* RCRecommendTableViewCell.xib in Resources */,
				51ACB9301D5A00F200D077EB /* RCDuanZiCell.xib in Resources */,
				51A693B91D78674700A36420 /* RCAddToolBarView.xib in Resources */,
				51EF042A1D5434D4007B87A7 /* RCNewViewController.xib in Resources */,
				51D3F0EC1D517A5900038A62 /* Main.storyboard in Resources */,
				51F0E16A1D75C0E7008A74F3 /* RCCommentCell.xib in Resources */,
				51D998351D78044C00B439AC /* RCPublishViewController.xib in Resources */,
				51D9982D1D77F79900B439AC /* RCMeWebViewController.xib in Resources */,
				5128A1611D741A7F000F69D2 /* RCCommentViewController.xib in Resources */,
			);
			runOnlyForDeploymentPostprocessing = 0;
		};
		51D3F0F51D517A5900038A62 /* Resources */ = {
			isa = PBXResourcesBuildPhase;
			buildActionMask = 2147483647;
			files = (
			);
			runOnlyForDeploymentPostprocessing = 0;
		};
		51D3F1001D517A5900038A62 /* Resources */ = {
			isa = PBXResourcesBuildPhase;
			buildActionMask = 2147483647;
			files = (
			);
			runOnlyForDeploymentPostprocessing = 0;
		};
/* End PBXResourcesBuildPhase section */

/* Begin PBXShellScriptBuildPhase section */
		0A96256F5A2B06CBBF802210 /* Check Pods Manifest.lock */ = {
			isa = PBXShellScriptBuildPhase;
			buildActionMask = 2147483647;
			files = (
			);
			inputPaths = (
			);
			name = "Check Pods Manifest.lock";
			outputPaths = (
			);
			runOnlyForDeploymentPostprocessing = 0;
			shellPath = /bin/sh;
			shellScript = "diff \"${PODS_ROOT}/../Podfile.lock\" \"${PODS_ROOT}/Manifest.lock\" > /dev/null\nif [[ $? != 0 ]] ; then\n    cat << EOM\nerror: The sandbox is not in sync with the Podfile.lock. Run 'pod install' or update your CocoaPods installation.\nEOM\n    exit 1\nfi\n";
			showEnvVarsInLog = 0;
		};
		2FC971ACA78B49E19790FC35 /* Copy Pods Resources */ = {
			isa = PBXShellScriptBuildPhase;
			buildActionMask = 2147483647;
			files = (
			);
			inputPaths = (
			);
			name = "Copy Pods Resources";
			outputPaths = (
			);
			runOnlyForDeploymentPostprocessing = 0;
			shellPath = /bin/sh;
			shellScript = "\"${SRCROOT}/Pods/Target Support Files/Pods/Pods-resources.sh\"\n";
			showEnvVarsInLog = 0;
		};
		3FAB04D7A3A316A7BD2902D0 /* Embed Pods Frameworks */ = {
			isa = PBXShellScriptBuildPhase;
			buildActionMask = 2147483647;
			files = (
			);
			inputPaths = (
			);
			name = "Embed Pods Frameworks";
			outputPaths = (
			);
			runOnlyForDeploymentPostprocessing = 0;
			shellPath = /bin/sh;
			shellScript = "\"${SRCROOT}/Pods/Target Support Files/Pods/Pods-frameworks.sh\"\n";
			showEnvVarsInLog = 0;
		};
/* End PBXShellScriptBuildPhase section */

/* Begin PBXSourcesBuildPhase section */
		51D3F0DA1D517A5900038A62 /* Sources */ = {
			isa = PBXSourcesBuildPhase;
			buildActionMask = 2147483647;
			files = (
				51507D6B1D581FA300D2F4E7 /* RCVerticalButton.m in Sources */,
				51D998341D78044C00B439AC /* RCPublishViewController.m in Sources */,
				51BB951B1D5B508800FFA330 /* NSDate+RCExtension.m in Sources */,
				512F515F1D520A330080905E /* RCNavigationController.m in Sources */,
				51ACB92F1D5A00F200D077EB /* RCDuanZiCell.m in Sources */,
				51EF04061D54325E007B87A7 /* Foundation+Log.m in Sources */,
				51EF04201D543491007B87A7 /* RCEssenceViewController.m in Sources */,
				51D998381D780A6700B439AC /* RCPubWordViewController.m in Sources */,
				51BB95181D5B0FF200FFA330 /* RCDuanziModel.m in Sources */,
				51D3F0E91D517A5900038A62 /* ViewController.m in Sources */,
				51D9982C1D77F79900B439AC /* RCMeWebViewController.m in Sources */,
				510456981D5970F1003954D1 /* RCDuanZiTableViewController.m in Sources */,
				51ACB92B1D59F8D200D077EB /* RCConst.m in Sources */,
				51EF04291D5434D4007B87A7 /* RCNewViewController.m in Sources */,
				51DF78D31D532861009A92AA /* UIView+Extension.m in Sources */,
				51E922DF1D5C7B9900F846B4 /* RCProgressView.m in Sources */,
				51EF04431D5482EB007B87A7 /* RCRecommendUserModel.m in Sources */,
				51F626581D79115E00B9AE6F /* RCAddTagViewController.m in Sources */,
				51313E201D61DE5900B05D73 /* RCVideoView.m in Sources */,
				51313DC61D614D0600B05D73 /* RCDuanZiVioceView.m in Sources */,
				51D998251D77C59C00B439AC /* RCMeSquareButton.m in Sources */,
				51DF78D71D532C66009A92AA /* UIBarButtonItem+RCExtension.m in Sources */,
				51D9983B1D7814EF00B439AC /* RCPlaceholderTextView.m in Sources */,
				51EF043A1D544308007B87A7 /* RCRecommendTableViewCell.m in Sources */,
				51507D6E1D58653B00D2F4E7 /* RCTextField.m in Sources */,
				512F51621D520A4D0080905E /* RCTabBarController.m in Sources */,
				5128A1591D73F41F000F69D2 /* RCUserModel.m in Sources */,
				51E922DA1D5C4BC000F846B4 /* RCDuanZiPictureView.m in Sources */,
				51F6265F1D79704000B9AE6F /* RCPubTextField.m in Sources */,
				51E922E31D5CA34C00F846B4 /* RCShowPictureViewController.m in Sources */,
				510617171D76BDBC00357084 /* RCTopWindow.m in Sources */,
				51D3F0E61D517A5900038A62 /* AppDelegate.m in Sources */,
				51507D671D581D0200D2F4E7 /* RCLoginRegisterController.m in Sources */,
				5128A15C1D73F5D8000F69D2 /* RCCommentModel.m in Sources */,
				51F6265C1D7921D800B9AE6F /* RCPubTagButton.m in Sources */,
				51E54C6F1D7BCA9F00694EB0 /* RCSettingTableViewController.m in Sources */,
				51F0E15F1D75194B008A74F3 /* RCCommentHeadView.m in Sources */,
				5128A1601D741A7F000F69D2 /* RCCommentViewController.m in Sources */,
				51F0E1691D75C0E7008A74F3 /* RCCommentCell.m in Sources */,
				51EF04171D543438007B87A7 /* RCRecommendVController.m in Sources */,
				512F51651D520A5B0080905E /* RCTabBar.m in Sources */,
				51EF04361D543572007B87A7 /* RCRecommendModel.m in Sources */,
				51D9981F1D77C51C00B439AC /* RCMeFooterView.m in Sources */,
				51D998221D77C56B00B439AC /* RCSquareModel.m in Sources */,
				51EF04321D543516007B87A7 /* RCMeViewController.m in Sources */,
				51A693B71D78673200A36420 /* RCAddToolBarView.m in Sources */,
				51D3F0E31D517A5900038A62 /* main.m in Sources */,
				51D9981C1D77C11500B439AC /* RCMeCell.m in Sources */,
				51EF043F1D547E15007B87A7 /* RCRecommendUserTableVCell.m in Sources */,
				5106175F1D7701F800357084 /* UIImageView+RCExtension.m in Sources */,
				51EF04151D543438007B87A7 /* RCFriendTViewController.m in Sources */,
				5106175C1D76FF5700357084 /* UIImage+RCExtension.m in Sources */,
			);
			runOnlyForDeploymentPostprocessing = 0;
		};
		51D3F0F31D517A5900038A62 /* Sources */ = {
			isa = PBXSourcesBuildPhase;
			buildActionMask = 2147483647;
			files = (
				51D3F0FC1D517A5900038A62 /* RC_BaiSiBuDeJieTests.m in Sources */,
			);
			runOnlyForDeploymentPostprocessing = 0;
		};
		51D3F0FE1D517A5900038A62 /* Sources */ = {
			isa = PBXSourcesBuildPhase;
			buildActionMask = 2147483647;
			files = (
				51D3F1071D517A5900038A62 /* RC_BaiSiBuDeJieUITests.m in Sources */,
			);
			runOnlyForDeploymentPostprocessing = 0;
		};
/* End PBXSourcesBuildPhase section */

/* Begin PBXTargetDependency section */
		51D3F0F91D517A5900038A62 /* PBXTargetDependency */ = {
			isa = PBXTargetDependency;
			target = 51D3F0DD1D517A5900038A62 /* RC-BaiSiBuDeJie */;
			targetProxy = 51D3F0F81D517A5900038A62 /* PBXContainerItemProxy */;
		};
		51D3F1041D517A5900038A62 /* PBXTargetDependency */ = {
			isa = PBXTargetDependency;
			target = 51D3F0DD1D517A5900038A62 /* RC-BaiSiBuDeJie */;
			targetProxy = 51D3F1031D517A5900038A62 /* PBXContainerItemProxy */;
		};
/* End PBXTargetDependency section */

/* Begin PBXVariantGroup section */
		51D3F0EA1D517A5900038A62 /* Main.storyboard */ = {
			isa = PBXVariantGroup;
			children = (
				51D3F0EB1D517A5900038A62 /* Base */,
			);
			name = Main.storyboard;
			sourceTree = "<group>";
		};
		51D3F0EF1D517A5900038A62 /* LaunchScreen.storyboard */ = {
			isa = PBXVariantGroup;
			children = (
				51D3F0F01D517A5900038A62 /* Base */,
			);
			name = LaunchScreen.storyboard;
			sourceTree = "<group>";
		};
/* End PBXVariantGroup section */

/* Begin XCBuildConfiguration section */
		51D3F1091D517A5900038A62 /* Debug */ = {
			isa = XCBuildConfiguration;
			buildSettings = {
				ALWAYS_SEARCH_USER_PATHS = NO;
				CLANG_ANALYZER_NONNULL = YES;
				CLANG_CXX_LANGUAGE_STANDARD = "gnu++0x";
				CLANG_CXX_LIBRARY = "libc++";
				CLANG_ENABLE_MODULES = YES;
				CLANG_ENABLE_OBJC_ARC = YES;
				CLANG_WARN_BOOL_CONVERSION = YES;
				CLANG_WARN_CONSTANT_CONVERSION = YES;
				CLANG_WARN_DIRECT_OBJC_ISA_USAGE = YES_ERROR;
				CLANG_WARN_EMPTY_BODY = YES;
				CLANG_WARN_ENUM_CONVERSION = YES;
				CLANG_WARN_INT_CONVERSION = YES;
				CLANG_WARN_OBJC_ROOT_CLASS = YES_ERROR;
				CLANG_WARN_UNREACHABLE_CODE = YES;
				CLANG_WARN__DUPLICATE_METHOD_MATCH = YES;
				"CODE_SIGN_IDENTITY[sdk=iphoneos*]" = "iPhone Developer";
				COPY_PHASE_STRIP = NO;
				DEBUG_INFORMATION_FORMAT = dwarf;
				ENABLE_STRICT_OBJC_MSGSEND = YES;
				ENABLE_TESTABILITY = YES;
				GCC_C_LANGUAGE_STANDARD = gnu99;
				GCC_DYNAMIC_NO_PIC = NO;
				GCC_NO_COMMON_BLOCKS = YES;
				GCC_OPTIMIZATION_LEVEL = 0;
				GCC_PREPROCESSOR_DEFINITIONS = (
					"DEBUG=1",
					"$(inherited)",
				);
				GCC_WARN_64_TO_32_BIT_CONVERSION = YES;
				GCC_WARN_ABOUT_RETURN_TYPE = YES_ERROR;
				GCC_WARN_UNDECLARED_SELECTOR = YES;
				GCC_WARN_UNINITIALIZED_AUTOS = YES_AGGRESSIVE;
				GCC_WARN_UNUSED_FUNCTION = YES;
				GCC_WARN_UNUSED_VARIABLE = YES;
				IPHONEOS_DEPLOYMENT_TARGET = 9.3;
				MTL_ENABLE_DEBUG_INFO = YES;
				ONLY_ACTIVE_ARCH = YES;
				SDKROOT = iphoneos;
				TARGETED_DEVICE_FAMILY = "1,2";
			};
			name = Debug;
		};
		51D3F10A1D517A5900038A62 /* Release */ = {
			isa = XCBuildConfiguration;
			buildSettings = {
				ALWAYS_SEARCH_USER_PATHS = NO;
				CLANG_ANALYZER_NONNULL = YES;
				CLANG_CXX_LANGUAGE_STANDARD = "gnu++0x";
				CLANG_CXX_LIBRARY = "libc++";
				CLANG_ENABLE_MODULES = YES;
				CLANG_ENABLE_OBJC_ARC = YES;
				CLANG_WARN_BOOL_CONVERSION = YES;
				CLANG_WARN_CONSTANT_CONVERSION = YES;
				CLANG_WARN_DIRECT_OBJC_ISA_USAGE = YES_ERROR;
				CLANG_WARN_EMPTY_BODY = YES;
				CLANG_WARN_ENUM_CONVERSION = YES;
				CLANG_WARN_INT_CONVERSION = YES;
				CLANG_WARN_OBJC_ROOT_CLASS = YES_ERROR;
				CLANG_WARN_UNREACHABLE_CODE = YES;
				CLANG_WARN__DUPLICATE_METHOD_MATCH = YES;
				"CODE_SIGN_IDENTITY[sdk=iphoneos*]" = "iPhone Developer";
				COPY_PHASE_STRIP = NO;
				DEBUG_INFORMATION_FORMAT = "dwarf-with-dsym";
				ENABLE_NS_ASSERTIONS = NO;
				ENABLE_STRICT_OBJC_MSGSEND = YES;
				GCC_C_LANGUAGE_STANDARD = gnu99;
				GCC_NO_COMMON_BLOCKS = YES;
				GCC_WARN_64_TO_32_BIT_CONVERSION = YES;
				GCC_WARN_ABOUT_RETURN_TYPE = YES_ERROR;
				GCC_WARN_UNDECLARED_SELECTOR = YES;
				GCC_WARN_UNINITIALIZED_AUTOS = YES_AGGRESSIVE;
				GCC_WARN_UNUSED_FUNCTION = YES;
				GCC_WARN_UNUSED_VARIABLE = YES;
				IPHONEOS_DEPLOYMENT_TARGET = 9.3;
				MTL_ENABLE_DEBUG_INFO = NO;
				SDKROOT = iphoneos;
				TARGETED_DEVICE_FAMILY = "1,2";
				VALIDATE_PRODUCT = YES;
			};
			name = Release;
		};
		51D3F10C1D517A5900038A62 /* Debug */ = {
			isa = XCBuildConfiguration;
			baseConfigurationReference = 6F9C4D90606DB8CA46576FF1 /* Pods.debug.xcconfig */;
			buildSettings = {
				ASSETCATALOG_COMPILER_APPICON_NAME = AppIcon;
				ASSETCATALOG_COMPILER_LAUNCHIMAGE_NAME = LaunchImage;
				CODE_SIGN_IDENTITY = "iPhone Developer";
				"CODE_SIGN_IDENTITY[sdk=iphoneos*]" = "iPhone Developer";
				GCC_PREFIX_HEADER = "$(SRCROOT)/RC-BaiSiBuDeJie/rcBS.pch";
				INFOPLIST_FILE = "RC-BaiSiBuDeJie/Info.plist";
				LD_RUNPATH_SEARCH_PATHS = "$(inherited) @executable_path/Frameworks";
				PRODUCT_BUNDLE_IDENTIFIER = "JiYue.com.RC-BaiSiBuDeJie";
				PRODUCT_NAME = "$(TARGET_NAME)";
				PROVISIONING_PROFILE = "";
			};
			name = Debug;
		};
		51D3F10D1D517A5900038A62 /* Release */ = {
			isa = XCBuildConfiguration;
			baseConfigurationReference = 076E578F15539EB0F54E923D /* Pods.release.xcconfig */;
			buildSettings = {
				ASSETCATALOG_COMPILER_APPICON_NAME = AppIcon;
				ASSETCATALOG_COMPILER_LAUNCHIMAGE_NAME = LaunchImage;
				CODE_SIGN_IDENTITY = "iPhone Developer";
				"CODE_SIGN_IDENTITY[sdk=iphoneos*]" = "iPhone Developer";
				GCC_PREFIX_HEADER = "$(SRCROOT)/RC-BaiSiBuDeJie/rcBS.pch";
				INFOPLIST_FILE = "RC-BaiSiBuDeJie/Info.plist";
				LD_RUNPATH_SEARCH_PATHS = "$(inherited) @executable_path/Frameworks";
				PRODUCT_BUNDLE_IDENTIFIER = "JiYue.com.RC-BaiSiBuDeJie";
				PRODUCT_NAME = "$(TARGET_NAME)";
				PROVISIONING_PROFILE = "";
			};
			name = Release;
		};
		51D3F10F1D517A5900038A62 /* Debug */ = {
			isa = XCBuildConfiguration;
			buildSettings = {
				BUNDLE_LOADER = "$(TEST_HOST)";
				INFOPLIST_FILE = "RC-BaiSiBuDeJieTests/Info.plist";
				LD_RUNPATH_SEARCH_PATHS = "$(inherited) @executable_path/Frameworks @loader_path/Frameworks";
				PRODUCT_BUNDLE_IDENTIFIER = "JiYue.com.RC-BaiSiBuDeJieTests";
				PRODUCT_NAME = "$(TARGET_NAME)";
				TEST_HOST = "$(BUILT_PRODUCTS_DIR)/RC-BaiSiBuDeJie.app/RC-BaiSiBuDeJie";
			};
			name = Debug;
		};
		51D3F1101D517A5900038A62 /* Release */ = {
			isa = XCBuildConfiguration;
			buildSettings = {
				BUNDLE_LOADER = "$(TEST_HOST)";
				INFOPLIST_FILE = "RC-BaiSiBuDeJieTests/Info.plist";
				LD_RUNPATH_SEARCH_PATHS = "$(inherited) @executable_path/Frameworks @loader_path/Frameworks";
				PRODUCT_BUNDLE_IDENTIFIER = "JiYue.com.RC-BaiSiBuDeJieTests";
				PRODUCT_NAME = "$(TARGET_NAME)";
				TEST_HOST = "$(BUILT_PRODUCTS_DIR)/RC-BaiSiBuDeJie.app/RC-BaiSiBuDeJie";
			};
			name = Release;
		};
		51D3F1121D517A5900038A62 /* Debug */ = {
			isa = XCBuildConfiguration;
			buildSettings = {
				INFOPLIST_FILE = "RC-BaiSiBuDeJieUITests/Info.plist";
				LD_RUNPATH_SEARCH_PATHS = "$(inherited) @executable_path/Frameworks @loader_path/Frameworks";
				PRODUCT_BUNDLE_IDENTIFIER = "JiYue.com.RC-BaiSiBuDeJieUITests";
				PRODUCT_NAME = "$(TARGET_NAME)";
				TEST_TARGET_NAME = "RC-BaiSiBuDeJie";
			};
			name = Debug;
		};
		51D3F1131D517A5900038A62 /* Release */ = {
			isa = XCBuildConfiguration;
			buildSettings = {
				INFOPLIST_FILE = "RC-BaiSiBuDeJieUITests/Info.plist";
				LD_RUNPATH_SEARCH_PATHS = "$(inherited) @executable_path/Frameworks @loader_path/Frameworks";
				PRODUCT_BUNDLE_IDENTIFIER = "JiYue.com.RC-BaiSiBuDeJieUITests";
				PRODUCT_NAME = "$(TARGET_NAME)";
				TEST_TARGET_NAME = "RC-BaiSiBuDeJie";
			};
			name = Release;
		};
/* End XCBuildConfiguration section */

/* Begin XCConfigurationList section */
		51D3F0D91D517A5900038A62 /* Build configuration list for PBXProject "RC-BaiSiBuDeJie" */ = {
			isa = XCConfigurationList;
			buildConfigurations = (
				51D3F1091D517A5900038A62 /* Debug */,
				51D3F10A1D517A5900038A62 /* Release */,
			);
			defaultConfigurationIsVisible = 0;
			defaultConfigurationName = Release;
		};
		51D3F10B1D517A5900038A62 /* Build configuration list for PBXNativeTarget "RC-BaiSiBuDeJie" */ = {
			isa = XCConfigurationList;
			buildConfigurations = (
				51D3F10C1D517A5900038A62 /* Debug */,
				51D3F10D1D517A5900038A62 /* Release */,
			);
			defaultConfigurationIsVisible = 0;
			defaultConfigurationName = Release;
		};
		51D3F10E1D517A5900038A62 /* Build configuration list for PBXNativeTarget "RC-BaiSiBuDeJieTests" */ = {
			isa = XCConfigurationList;
			buildConfigurations = (
				51D3F10F1D517A5900038A62 /* Debug */,
				51D3F1101D517A5900038A62 /* Release */,
			);
			defaultConfigurationIsVisible = 0;
			defaultConfigurationName = Release;
		};
		51D3F1111D517A5900038A62 /* Build configuration list for PBXNativeTarget "RC-BaiSiBuDeJieUITests" */ = {
			isa = XCConfigurationList;
			buildConfigurations = (
				51D3F1121D517A5900038A62 /* Debug */,
				51D3F1131D517A5900038A62 /* Release */,
			);
			defaultConfigurationIsVisible = 0;
			defaultConfigurationName = Release;
		};
/* End XCConfigurationList section */
	};
	rootObject = 51D3F0D61D517A5900038A62 /* Project object */;
}
