// !$*UTF8*$!
{
	archiveVersion = 1;
	classes = {
	};
	objectVersion = 46;
	objects = {

/* Begin PBXBuildFile section */
		510456841D597078003954D1 /* RCAllTableViewController.m in Sources */ = {isa = PBXBuildFile; fileRef = 510456821D597078003954D1 /* RCAllTableViewController.m */; };
		510456891D5970C8003954D1 /* RCVideoTableViewController.m in Sources */ = {isa = PBXBuildFile; fileRef = 510456871D5970C8003954D1 /* RCVideoTableViewController.m */; };
		5104568E1D5970D4003954D1 /* RCVoiceTableViewController.m in Sources */ = {isa = PBXBuildFile; fileRef = 5104568C1D5970D4003954D1 /* RCVoiceTableViewController.m */; };
		510456931D5970E4003954D1 /* RCPictureTableViewController.m in Sources */ = {isa = PBXBuildFile; fileRef = 510456911D5970E4003954D1 /* RCPictureTableViewController.m */; };
		510456981D5970F1003954D1 /* RCDuanZiTableViewController.m in Sources */ = {isa = PBXBuildFile; fileRef = 510456961D5970F1003954D1 /* RCDuanZiTableViewController.m */; };
		512F515F1D520A330080905E /* RCNavigationController.m in Sources */ = {isa = PBXBuildFile; fileRef = 512F515E1D520A330080905E /* RCNavigationController.m */; };
		512F51621D520A4D0080905E /* RCTabBarController.m in Sources */ = {isa = PBXBuildFile; fileRef = 512F51611D520A4D0080905E /* RCTabBarController.m */; };
		512F51651D520A5B0080905E /* RCTabBar.m in Sources */ = {isa = PBXBuildFile; fileRef = 512F51641D520A5B0080905E /* RCTabBar.m */; };
		51507D671D581D0200D2F4E7 /* RCLoginRegisterController.m in Sources */ = {isa = PBXBuildFile; fileRef = 51507D651D581D0200D2F4E7 /* RCLoginRegisterController.m */; };
		51507D681D581D0200D2F4E7 /* RCLoginRegisterController.xib in Resources */ = {isa = PBXBuildFile; fileRef = 51507D661D581D0200D2F4E7 /* RCLoginRegisterController.xib */; };
		51507D6B1D581FA300D2F4E7 /* RCVerticalButton.m in Sources */ = {isa = PBXBuildFile; fileRef = 51507D6A1D581FA300D2F4E7 /* RCVerticalButton.m */; };
		51507D6E1D58653B00D2F4E7 /* RCTextField.m in Sources */ = {isa = PBXBuildFile; fileRef = 51507D6D1D58653B00D2F4E7 /* RCTextField.m */; };
		51D3F0E31D517A5900038A62 /* main.m in Sources */ = {isa = PBXBuildFile; fileRef = 51D3F0E21D517A5900038A62 /* main.m */; };
		51D3F0E61D517A5900038A62 /* AppDelegate.m in Sources */ = {isa = PBXBuildFile; fileRef = 51D3F0E51D517A5900038A62 /* AppDelegate.m */; };
		51D3F0E91D517A5900038A62 /* ViewController.m in Sources */ = {isa = PBXBuildFile; fileRef = 51D3F0E81D517A5900038A62 /* ViewController.m */; };
		51D3F0EC1D517A5900038A62 /* Main.storyboard in Resources */ = {isa = PBXBuildFile; fileRef = 51D3F0EA1D517A5900038A62 /* Main.storyboard */; };
		51D3F0EE1D517A5900038A62 /* Assets.xcassets in Resources */ = {isa = PBXBuildFile; fileRef = 51D3F0ED1D517A5900038A62 /* Assets.xcassets */; };
		51D3F0F11D517A5900038A62 /* LaunchScreen.storyboard in Resources */ = {isa = PBXBuildFile; fileRef = 51D3F0EF1D517A5900038A62 /* LaunchScreen.storyboard */; };
		51D3F0FC1D517A5900038A62 /* RC_BaiSiBuDeJieTests.m in Sources */ = {isa = PBXBuildFile; fileRef = 51D3F0FB1D517A5900038A62 /* RC_BaiSiBuDeJieTests.m */; };
		51D3F1071D517A5900038A62 /* RC_BaiSiBuDeJieUITests.m in Sources */ = {isa = PBXBuildFile; fileRef = 51D3F1061D517A5900038A62 /* RC_BaiSiBuDeJieUITests.m */; };
		51DF78D31D532861009A92AA /* UIView+Extension.m in Sources */ = {isa = PBXBuildFile; fileRef = 51DF78D21D532861009A92AA /* UIView+Extension.m */; };
		51DF78D71D532C66009A92AA /* UIBarButtonItem+RCExtension.m in Sources */ = {isa = PBXBuildFile; fileRef = 51DF78D61D532C66009A92AA /* UIBarButtonItem+RCExtension.m */; };
		51EF04061D54325E007B87A7 /* Foundation+Log.m in Sources */ = {isa = PBXBuildFile; fileRef = 51EF04051D54325E007B87A7 /* Foundation+Log.m */; };
		51EF04151D543438007B87A7 /* RCFriendTViewController.m in Sources */ = {isa = PBXBuildFile; fileRef = 51EF040D1D543438007B87A7 /* RCFriendTViewController.m */; };
		51EF04161D543438007B87A7 /* RCFriendTViewController.xib in Resources */ = {isa = PBXBuildFile; fileRef = 51EF040E1D543438007B87A7 /* RCFriendTViewController.xib */; };
		51EF04171D543438007B87A7 /* RCRecommendVController.m in Sources */ = {isa = PBXBuildFile; fileRef = 51EF04111D543438007B87A7 /* RCRecommendVController.m */; };
		51EF04181D543438007B87A7 /* RCRecommendVController.xib in Resources */ = {isa = PBXBuildFile; fileRef = 51EF04121D543438007B87A7 /* RCRecommendVController.xib */; };
		51EF04201D543491007B87A7 /* RCEssenceViewController.m in Sources */ = {isa = PBXBuildFile; fileRef = 51EF041C1D543491007B87A7 /* RCEssenceViewController.m */; };
		51EF04291D5434D4007B87A7 /* RCNewViewController.m in Sources */ = {isa = PBXBuildFile; fileRef = 51EF04251D5434D4007B87A7 /* RCNewViewController.m */; };
		51EF042A1D5434D4007B87A7 /* RCNewViewController.xib in Resources */ = {isa = PBXBuildFile; fileRef = 51EF04261D5434D4007B87A7 /* RCNewViewController.xib */; };
		51EF04321D543516007B87A7 /* RCMeViewController.m in Sources */ = {isa = PBXBuildFile; fileRef = 51EF042E1D543516007B87A7 /* RCMeViewController.m */; };
		51EF04331D543516007B87A7 /* RCMeViewController.xib in Resources */ = {isa = PBXBuildFile; fileRef = 51EF042F1D543516007B87A7 /* RCMeViewController.xib */; };
		51EF04361D543572007B87A7 /* RCRecommendModel.m in Sources */ = {isa = PBXBuildFile; fileRef = 51EF04351D543572007B87A7 /* RCRecommendModel.m */; };
		51EF043A1D544308007B87A7 /* RCRecommendTableViewCell.m in Sources */ = {isa = PBXBuildFile; fileRef = 51EF04381D544308007B87A7 /* RCRecommendTableViewCell.m */; };
		51EF043B1D544308007B87A7 /* RCRecommendTableViewCell.xib in Resources */ = {isa = PBXBuildFile; fileRef = 51EF04391D544308007B87A7 /* RCRecommendTableViewCell.xib */; };
		51EF043F1D547E15007B87A7 /* RCRecommendUserTableVCell.m in Sources */ = {isa = PBXBuildFile; fileRef = 51EF043D1D547E15007B87A7 /* RCRecommendUserTableVCell.m */; };
		51EF04401D547E15007B87A7 /* RCRecommendUserTableVCell.xib in Resources */ = {isa = PBXBuildFile; fileRef = 51EF043E1D547E15007B87A7 /* RCRecommendUserTableVCell.xib */; };
		51EF04431D5482EB007B87A7 /* RCRecommendUserModel.m in Sources */ = {isa = PBXBuildFile; fileRef = 51EF04421D5482EB007B87A7 /* RCRecommendUserModel.m */; };
		BC8A0DCE8D60AA08BA18214B /* libPods.a in Frameworks */ = {isa = PBXBuildFile; fileRef = C9ADBD31FB7E244F98953DD4 /* libPods.a */; };
/* End PBXBuildFile section */

/* Begin PBXContainerItemProxy section */
		51D3F0F81D517A5900038A62 /* PBXContainerItemProxy */ = {
			isa = PBXContainerItemProxy;
			containerPortal = 51D3F0D61D517A5900038A62 /* Project object */;
			proxyType = 1;
			remoteGlobalIDString = 51D3F0DD1D517A5900038A62;
			remoteInfo = "RC-BaiSiBuDeJie";
		};
		51D3F1031D517A5900038A62 /* PBXContainerItemProxy */ = {
			isa = PBXContainerItemProxy;
			containerPortal = 51D3F0D61D517A5900038A62 /* Project object */;
			proxyType = 1;
			remoteGlobalIDString = 51D3F0DD1D517A5900038A62;
			remoteInfo = "RC-BaiSiBuDeJie";
		};
/* End PBXContainerItemProxy section */

/* Begin PBXFileReference section */
		076E578F15539EB0F54E923D /* Pods.release.xcconfig */ = {isa = PBXFileReference; includeInIndex = 1; lastKnownFileType = text.xcconfig; name = Pods.release.xcconfig; path = "Pods/Target Support Files/Pods/Pods.release.xcconfig"; sourceTree = "<group>"; };
		510456811D597078003954D1 /* RCAllTableViewController.h */ = {isa = PBXFileReference; fileEncoding = 4; lastKnownFileType = sourcecode.c.h; path = RCAllTableViewController.h; sourceTree = "<group>"; };
		510456821D597078003954D1 /* RCAllTableViewController.m */ = {isa = PBXFileReference; fileEncoding = 4; lastKnownFileType = sourcecode.c.objc; path = RCAllTableViewController.m; sourceTree = "<group>"; };
		510456861D5970C8003954D1 /* RCVideoTableViewController.h */ = {isa = PBXFileReference; fileEncoding = 4; lastKnownFileType = sourcecode.c.h; path = RCVideoTableViewController.h; sourceTree = "<group>"; };
		510456871D5970C8003954D1 /* RCVideoTableViewController.m */ = {isa = PBXFileReference; fileEncoding = 4; lastKnownFileType = sourcecode.c.objc; path = RCVideoTableViewController.m; sourceTree = "<group>"; };
		5104568B1D5970D4003954D1 /* RCVoiceTableViewController.h */ = {isa = PBXFileReference; fileEncoding = 4; lastKnownFileType = sourcecode.c.h; path = RCVoiceTableViewController.h; sourceTree = "<group>"; };
		5104568C1D5970D4003954D1 /* RCVoiceTableViewController.m */ = {isa = PBXFileReference; fileEncoding = 4; lastKnownFileType = sourcecode.c.objc; path = RCVoiceTableViewController.m; sourceTree = "<group>"; };
		510456901D5970E4003954D1 /* RCPictureTableViewController.h */ = {isa = PBXFileReference; fileEncoding = 4; lastKnownFileType = sourcecode.c.h; path = RCPictureTableViewController.h; sourceTree = "<group>"; };
		510456911D5970E4003954D1 /* RCPictureTableViewController.m */ = {isa = PBXFileReference; fileEncoding = 4; lastKnownFileType = sourcecode.c.objc; path = RCPictureTableViewController.m; sourceTree = "<group>"; };
		510456951D5970F1003954D1 /* RCDuanZiTableViewController.h */ = {isa = PBXFileReference; fileEncoding = 4; lastKnownFileType = sourcecode.c.h; path = RCDuanZiTableViewController.h; sourceTree = "<group>"; };
		510456961D5970F1003954D1 /* RCDuanZiTableViewController.m */ = {isa = PBXFileReference; fileEncoding = 4; lastKnownFileType = sourcecode.c.objc; path = RCDuanZiTableViewController.m; sourceTree = "<group>"; };
		512F515B1D5208A30080905E /* rcBS.pch */ = {isa = PBXFileReference; lastKnownFileType = sourcecode.c.h; path = rcBS.pch; sourceTree = "<group>"; };
		512F515D1D520A330080905E /* RCNavigationController.h */ = {isa = PBXFileReference; fileEncoding = 4; lastKnownFileType = sourcecode.c.h; path = RCNavigationController.h; sourceTree = "<group>"; };
		512F515E1D520A330080905E /* RCNavigationController.m */ = {isa = PBXFileReference; fileEncoding = 4; lastKnownFileType = sourcecode.c.objc; path = RCNavigationController.m; sourceTree = "<group>"; };
		512F51601D520A4D0080905E /* RCTabBarController.h */ = {isa = PBXFileReference; fileEncoding = 4; lastKnownFileType = sourcecode.c.h; path = RCTabBarController.h; sourceTree = "<group>"; };
		512F51611D520A4D0080905E /* RCTabBarController.m */ = {isa = PBXFileReference; fileEncoding = 4; lastKnownFileType = sourcecode.c.objc; path = RCTabBarController.m; sourceTree = "<group>"; };
		512F51631D520A5B0080905E /* RCTabBar.h */ = {isa = PBXFileReference; fileEncoding = 4; lastKnownFileType = sourcecode.c.h; path = RCTabBar.h; sourceTree = "<group>"; };
		512F51641D520A5B0080905E /* RCTabBar.m */ = {isa = PBXFileReference; fileEncoding = 4; lastKnownFileType = sourcecode.c.objc; path = RCTabBar.m; sourceTree = "<group>"; };
		51507D641D581D0200D2F4E7 /* RCLoginRegisterController.h */ = {isa = PBXFileReference; fileEncoding = 4; lastKnownFileType = sourcecode.c.h; path = RCLoginRegisterController.h; sourceTree = "<group>"; };
		51507D651D581D0200D2F4E7 /* RCLoginRegisterController.m */ = {isa = PBXFileReference; fileEncoding = 4; lastKnownFileType = sourcecode.c.objc; path = RCLoginRegisterController.m; sourceTree = "<group>"; };
		51507D661D581D0200D2F4E7 /* RCLoginRegisterController.xib */ = {isa = PBXFileReference; fileEncoding = 4; lastKnownFileType = file.xib; path = RCLoginRegisterController.xib; sourceTree = "<group>"; };
		51507D691D581FA300D2F4E7 /* RCVerticalButton.h */ = {isa = PBXFileReference; fileEncoding = 4; lastKnownFileType = sourcecode.c.h; path = RCVerticalButton.h; sourceTree = "<group>"; };
		51507D6A1D581FA300D2F4E7 /* RCVerticalButton.m */ = {isa = PBXFileReference; fileEncoding = 4; lastKnownFileType = sourcecode.c.objc; path = RCVerticalButton.m; sourceTree = "<group>"; };
		51507D6C1D58653B00D2F4E7 /* RCTextField.h */ = {isa = PBXFileReference; fileEncoding = 4; lastKnownFileType = sourcecode.c.h; path = RCTextField.h; sourceTree = "<group>"; };
		51507D6D1D58653B00D2F4E7 /* RCTextField.m */ = {isa = PBXFileReference; fileEncoding = 4; lastKnownFileType = sourcecode.c.objc; path = RCTextField.m; sourceTree = "<group>"; };
		51D3F0DE1D517A5900038A62 /* RC-BaiSiBuDeJie.app */ = {isa = PBXFileReference; explicitFileType = wrapper.application; includeInIndex = 0; path = "RC-BaiSiBuDeJie.app"; sourceTree = BUILT_PRODUCTS_DIR; };
		51D3F0E21D517A5900038A62 /* main.m */ = {isa = PBXFileReference; lastKnownFileType = sourcecode.c.objc; path = main.m; sourceTree = "<group>"; };
		51D3F0E41D517A5900038A62 /* AppDelegate.h */ = {isa = PBXFileReference; lastKnownFileType = sourcecode.c.h; name = AppDelegate.h; path = ../AppDelegate.h; sourceTree = "<group>"; };
		51D3F0E51D517A5900038A62 /* AppDelegate.m */ = {isa = PBXFileReference; lastKnownFileType = sourcecode.c.objc; name = AppDelegate.m; path = ../AppDelegate.m; sourceTree = "<group>"; };
		51D3F0E71D517A5900038A62 /* ViewController.h */ = {isa = PBXFileReference; lastKnownFileType = sourcecode.c.h; name = ViewController.h; path = ../ViewController.h; sourceTree = "<group>"; };
		51D3F0E81D517A5900038A62 /* ViewController.m */ = {isa = PBXFileReference; lastKnownFileType = sourcecode.c.objc; name = ViewController.m; path = ../ViewController.m; sourceTree = "<group>"; };
		51D3F0EB1D517A5900038A62 /* Base */ = {isa = PBXFileReference; lastKnownFileType = file.storyboard; name = Base; path = Base.lproj/Main.storyboard; sourceTree = "<group>"; };
		51D3F0ED1D517A5900038A62 /* Assets.xcassets */ = {isa = PBXFileReference; lastKnownFileType = folder.assetcatalog; path = Assets.xcassets; sourceTree = "<group>"; };
		51D3F0F01D517A5900038A62 /* Base */ = {isa = PBXFileReference; lastKnownFileType = file.storyboard; name = Base; path = Base.lproj/LaunchScreen.storyboard; sourceTree = "<group>"; };
		51D3F0F21D517A5900038A62 /* Info.plist */ = {isa = PBXFileReference; lastKnownFileType = text.plist.xml; path = Info.plist; sourceTree = "<group>"; };
		51D3F0F71D517A5900038A62 /* RC-BaiSiBuDeJieTests.xctest */ = {isa = PBXFileReference; explicitFileType = wrapper.cfbundle; includeInIndex = 0; path = "RC-BaiSiBuDeJieTests.xctest"; sourceTree = BUILT_PRODUCTS_DIR; };
		51D3F0FB1D517A5900038A62 /* RC_BaiSiBuDeJieTests.m */ = {isa = PBXFileReference; lastKnownFileType = sourcecode.c.objc; path = RC_BaiSiBuDeJieTests.m; sourceTree = "<group>"; };
		51D3F0FD1D517A5900038A62 /* Info.plist */ = {isa = PBXFileReference; lastKnownFileType = text.plist.xml; path = Info.plist; sourceTree = "<group>"; };
		51D3F1021D517A5900038A62 /* RC-BaiSiBuDeJieUITests.xctest */ = {isa = PBXFileReference; explicitFileType = wrapper.cfbundle; includeInIndex = 0; path = "RC-BaiSiBuDeJieUITests.xctest"; sourceTree = BUILT_PRODUCTS_DIR; };
		51D3F1061D517A5900038A62 /* RC_BaiSiBuDeJieUITests.m */ = {isa = PBXFileReference; lastKnownFileType = sourcecode.c.objc; path = RC_BaiSiBuDeJieUITests.m; sourceTree = "<group>"; };
		51D3F1081D517A5900038A62 /* Info.plist */ = {isa = PBXFileReference; lastKnownFileType = text.plist.xml; path = Info.plist; sourceTree = "<group>"; };
		51DF78D11D532861009A92AA /* UIView+Extension.h */ = {isa = PBXFileReference; fileEncoding = 4; lastKnownFileType = sourcecode.c.h; name = "UIView+Extension.h"; path = "../UIView+Extension.h"; sourceTree = "<group>"; };
		51DF78D21D532861009A92AA /* UIView+Extension.m */ = {isa = PBXFileReference; fileEncoding = 4; lastKnownFileType = sourcecode.c.objc; name = "UIView+Extension.m"; path = "../UIView+Extension.m"; sourceTree = "<group>"; };
		51DF78D51D532C66009A92AA /* UIBarButtonItem+RCExtension.h */ = {isa = PBXFileReference; fileEncoding = 4; lastKnownFileType = sourcecode.c.h; path = "UIBarButtonItem+RCExtension.h"; sourceTree = "<group>"; };
		51DF78D61D532C66009A92AA /* UIBarButtonItem+RCExtension.m */ = {isa = PBXFileReference; fileEncoding = 4; lastKnownFileType = sourcecode.c.objc; path = "UIBarButtonItem+RCExtension.m"; sourceTree = "<group>"; };
		51EF04051D54325E007B87A7 /* Foundation+Log.m */ = {isa = PBXFileReference; fileEncoding = 4; lastKnownFileType = sourcecode.c.objc; path = "Foundation+Log.m"; sourceTree = "<group>"; };
		51EF040C1D543438007B87A7 /* RCFriendTViewController.h */ = {isa = PBXFileReference; fileEncoding = 4; lastKnownFileType = sourcecode.c.h; path = RCFriendTViewController.h; sourceTree = "<group>"; };
		51EF040D1D543438007B87A7 /* RCFriendTViewController.m */ = {isa = PBXFileReference; fileEncoding = 4; lastKnownFileType = sourcecode.c.objc; path = RCFriendTViewController.m; sourceTree = "<group>"; };
		51EF040E1D543438007B87A7 /* RCFriendTViewController.xib */ = {isa = PBXFileReference; fileEncoding = 4; lastKnownFileType = file.xib; path = RCFriendTViewController.xib; sourceTree = "<group>"; };
		51EF04101D543438007B87A7 /* RCRecommendVController.h */ = {isa = PBXFileReference; fileEncoding = 4; lastKnownFileType = sourcecode.c.h; path = RCRecommendVController.h; sourceTree = "<group>"; };
		51EF04111D543438007B87A7 /* RCRecommendVController.m */ = {isa = PBXFileReference; fileEncoding = 4; lastKnownFileType = sourcecode.c.objc; path = RCRecommendVController.m; sourceTree = "<group>"; };
		51EF04121D543438007B87A7 /* RCRecommendVController.xib */ = {isa = PBXFileReference; fileEncoding = 4; lastKnownFileType = file.xib; path = RCRecommendVController.xib; sourceTree = "<group>"; };
		51EF041B1D543491007B87A7 /* RCEssenceViewController.h */ = {isa = PBXFileReference; fileEncoding = 4; lastKnownFileType = sourcecode.c.h; path = RCEssenceViewController.h; sourceTree = "<group>"; };
		51EF041C1D543491007B87A7 /* RCEssenceViewController.m */ = {isa = PBXFileReference; fileEncoding = 4; lastKnownFileType = sourcecode.c.objc; path = RCEssenceViewController.m; sourceTree = "<group>"; };
		51EF04241D5434D4007B87A7 /* RCNewViewController.h */ = {isa = PBXFileReference; fileEncoding = 4; lastKnownFileType = sourcecode.c.h; path = RCNewViewController.h; sourceTree = "<group>"; };
		51EF04251D5434D4007B87A7 /* RCNewViewController.m */ = {isa = PBXFileReference; fileEncoding = 4; lastKnownFileType = sourcecode.c.objc; path = RCNewViewController.m; sourceTree = "<group>"; };
		51EF04261D5434D4007B87A7 /* RCNewViewController.xib */ = {isa = PBXFileReference; fileEncoding = 4; lastKnownFileType = file.xib; path = RCNewViewController.xib; sourceTree = "<group>"; };
		51EF042D1D543516007B87A7 /* RCMeViewController.h */ = {isa = PBXFileReference; fileEncoding = 4; lastKnownFileType = sourcecode.c.h; path = RCMeViewController.h; sourceTree = "<group>"; };
		51EF042E1D543516007B87A7 /* RCMeViewController.m */ = {isa = PBXFileReference; fileEncoding = 4; lastKnownFileType = sourcecode.c.objc; path = RCMeViewController.m; sourceTree = "<group>"; };
		51EF042F1D543516007B87A7 /* RCMeViewController.xib */ = {isa = PBXFileReference; fileEncoding = 4; lastKnownFileType = file.xib; path = RCMeViewController.xib; sourceTree = "<group>"; };
		51EF04341D543572007B87A7 /* RCRecommendModel.h */ = {isa = PBXFileReference; fileEncoding = 4; lastKnownFileType = sourcecode.c.h; path = RCRecommendModel.h; sourceTree = "<group>"; };
		51EF04351D543572007B87A7 /* RCRecommendModel.m */ = {isa = PBXFileReference; fileEncoding = 4; lastKnownFileType = sourcecode.c.objc; path = RCRecommendModel.m; sourceTree = "<group>"; };
		51EF04371D544308007B87A7 /* RCRecommendTableViewCell.h */ = {isa = PBXFileReference; fileEncoding = 4; lastKnownFileType = sourcecode.c.h; path = RCRecommendTableViewCell.h; sourceTree = "<group>"; };
		51EF04381D544308007B87A7 /* RCRecommendTableViewCell.m */ = {isa = PBXFileReference; fileEncoding = 4; lastKnownFileType = sourcecode.c.objc; path = RCRecommendTableViewCell.m; sourceTree = "<group>"; };
		51EF04391D544308007B87A7 /* RCRecommendTableViewCell.xib */ = {isa = PBXFileReference; fileEncoding = 4; lastKnownFileType = file.xib; path = RCRecommendTableViewCell.xib; sourceTree = "<group>"; };
		51EF043C1D547E15007B87A7 /* RCRecommendUserTableVCell.h */ = {isa = PBXFileReference; fileEncoding = 4; lastKnownFileType = sourcecode.c.h; path = RCRecommendUserTableVCell.h; sourceTree = "<group>"; };
		51EF043D1D547E15007B87A7 /* RCRecommendUserTableVCell.m */ = {isa = PBXFileReference; fileEncoding = 4; lastKnownFileType = sourcecode.c.objc; path = RCRecommendUserTableVCell.m; sourceTree = "<group>"; };
		51EF043E1D547E15007B87A7 /* RCRecommendUserTableVCell.xib */ = {isa = PBXFileReference; fileEncoding = 4; lastKnownFileType = file.xib; path = RCRecommendUserTableVCell.xib; sourceTree = "<group>"; };
		51EF04411D5482EB007B87A7 /* RCRecommendUserModel.h */ = {isa = PBXFileReference; fileEncoding = 4; lastKnownFileType = sourcecode.c.h; path = RCRecommendUserModel.h; sourceTree = "<group>"; };
		51EF04421D5482EB007B87A7 /* RCRecommendUserModel.m */ = {isa = PBXFileReference; fileEncoding = 4; lastKnownFileType = sourcecode.c.objc; path = RCRecommendUserModel.m; sourceTree = "<group>"; };
		6F9C4D90606DB8CA46576FF1 /* Pods.debug.xcconfig */ = {isa = PBXFileReference; includeInIndex = 1; lastKnownFileType = text.xcconfig; name = Pods.debug.xcconfig; path = "Pods/Target Support Files/Pods/Pods.debug.xcconfig"; sourceTree = "<group>"; };
		C9ADBD31FB7E244F98953DD4 /* libPods.a */ = {isa = PBXFileReference; explicitFileType = archive.ar; includeInIndex = 0; path = libPods.a; sourceTree = BUILT_PRODUCTS_DIR; };
/* End PBXFileReference section */

/* Begin PBXFrameworksBuildPhase section */
		51D3F0DB1D517A5900038A62 /* Frameworks */ = {
			isa = PBXFrameworksBuildPhase;
			buildActionMask = 2147483647;
			files = (
				BC8A0DCE8D60AA08BA18214B /* libPods.a in Frameworks */,
			);
			runOnlyForDeploymentPostprocessing = 0;
		};
		51D3F0F41D517A5900038A62 /* Frameworks */ = {
			isa = PBXFrameworksBuildPhase;
			buildActionMask = 2147483647;
			files = (
			);
			runOnlyForDeploymentPostprocessing = 0;
		};
		51D3F0FF1D517A5900038A62 /* Frameworks */ = {
			isa = PBXFrameworksBuildPhase;
			buildActionMask = 2147483647;
			files = (
			);
			runOnlyForDeploymentPostprocessing = 0;
		};
/* End PBXFrameworksBuildPhase section */

/* Begin PBXGroup section */
		4CE338A8F06F22BFD55929E4 /* Frameworks */ = {
			isa = PBXGroup;
			children = (
				C9ADBD31FB7E244F98953DD4 /* libPods.a */,
			);
			name = Frameworks;
			sourceTree = "<group>";
		};
		510456631D596EAB003954D1 /* 段子 */ = {
			isa = PBXGroup;
			children = (
				510456951D5970F1003954D1 /* RCDuanZiTableViewController.h */,
				510456961D5970F1003954D1 /* RCDuanZiTableViewController.m */,
			);
			path = "段子";
			sourceTree = "<group>";
		};
		510456641D596EAB003954D1 /* 全部 */ = {
			isa = PBXGroup;
			children = (
				510456811D597078003954D1 /* RCAllTableViewController.h */,
				510456821D597078003954D1 /* RCAllTableViewController.m */,
			);
			path = "全部";
			sourceTree = "<group>";
		};
		510456651D596EAB003954D1 /* 声音 */ = {
			isa = PBXGroup;
			children = (
				5104568B1D5970D4003954D1 /* RCVoiceTableViewController.h */,
				5104568C1D5970D4003954D1 /* RCVoiceTableViewController.m */,
			);
			path = "声音";
			sourceTree = "<group>";
		};
		510456661D596EAB003954D1 /* 视频 */ = {
			isa = PBXGroup;
			children = (
				510456861D5970C8003954D1 /* RCVideoTableViewController.h */,
				510456871D5970C8003954D1 /* RCVideoTableViewController.m */,
			);
			path = "视频";
			sourceTree = "<group>";
		};
		510456671D596EAB003954D1 /* 图片 */ = {
			isa = PBXGroup;
			children = (
				510456901D5970E4003954D1 /* RCPictureTableViewController.h */,
				510456911D5970E4003954D1 /* RCPictureTableViewController.m */,
			);
			path = "图片";
			sourceTree = "<group>";
		};
		512F515C1D5209F60080905E /* Other */ = {
			isa = PBXGroup;
			children = (
				51DF78D41D532C10009A92AA /* Category */,
				512F515D1D520A330080905E /* RCNavigationController.h */,
				512F515E1D520A330080905E /* RCNavigationController.m */,
				512F51601D520A4D0080905E /* RCTabBarController.h */,
				512F51611D520A4D0080905E /* RCTabBarController.m */,
				512F51631D520A5B0080905E /* RCTabBar.h */,
				512F51641D520A5B0080905E /* RCTabBar.m */,
			);
			path = Other;
			sourceTree = "<group>";
		};
		512F51661D520A680080905E /* Main */ = {
			isa = PBXGroup;
			children = (
				51D3F0E41D517A5900038A62 /* AppDelegate.h */,
				51D3F0E51D517A5900038A62 /* AppDelegate.m */,
				51D3F0E71D517A5900038A62 /* ViewController.h */,
				51D3F0E81D517A5900038A62 /* ViewController.m */,
			);
			path = Main;
			sourceTree = "<group>";
		};
		512F51671D520AA60080905E /* Essence-精华 */ = {
			isa = PBXGroup;
			children = (
				51EF04191D543491007B87A7 /* Controller */,
				51EF041E1D543491007B87A7 /* Model */,
				51EF041F1D543491007B87A7 /* View */,
			);
			path = "Essence-精华";
			sourceTree = "<group>";
		};
		512F51681D520AC60080905E /* FriendTrends-关注 */ = {
			isa = PBXGroup;
			children = (
				51EF040A1D543438007B87A7 /* Controller */,
				51EF04131D543438007B87A7 /* Model */,
				51EF04141D543438007B87A7 /* View */,
			);
			path = "FriendTrends-关注";
			sourceTree = "<group>";
		};
		512F51691D520B3A0080905E /* New-新帖 */ = {
			isa = PBXGroup;
			children = (
				51EF04221D5434D4007B87A7 /* Controller */,
				51EF04271D5434D4007B87A7 /* Model */,
				51EF04281D5434D4007B87A7 /* View */,
			);
			path = "New-新帖";
			sourceTree = "<group>";
		};
		512F516A1D520B510080905E /* Me-我 */ = {
			isa = PBXGroup;
			children = (
				51EF042B1D543516007B87A7 /* Controller */,
				51EF04301D543516007B87A7 /* Model */,
				51EF04311D543516007B87A7 /* View */,
			);
			path = "Me-我";
			sourceTree = "<group>";
		};
		51507D5B1D5815CD00D2F4E7 /* LoginRegister-登陆注册 */ = {
			isa = PBXGroup;
			children = (
				51507D631D581D0200D2F4E7 /* Controller */,
				51507D611D581CB000D2F4E7 /* View */,
			);
			path = "LoginRegister-登陆注册";
			sourceTree = "<group>";
		};
		51507D611D581CB000D2F4E7 /* View */ = {
			isa = PBXGroup;
			children = (
				51507D691D581FA300D2F4E7 /* RCVerticalButton.h */,
				51507D6A1D581FA300D2F4E7 /* RCVerticalButton.m */,
				51507D6C1D58653B00D2F4E7 /* RCTextField.h */,
				51507D6D1D58653B00D2F4E7 /* RCTextField.m */,
			);
			path = View;
			sourceTree = "<group>";
		};
		51507D631D581D0200D2F4E7 /* Controller */ = {
			isa = PBXGroup;
			children = (
				51507D641D581D0200D2F4E7 /* RCLoginRegisterController.h */,
				51507D651D581D0200D2F4E7 /* RCLoginRegisterController.m */,
				51507D661D581D0200D2F4E7 /* RCLoginRegisterController.xib */,
			);
			path = Controller;
			sourceTree = "<group>";
		};
		51D3F0D51D517A5900038A62 = {
			isa = PBXGroup;
			children = (
				51D3F0E01D517A5900038A62 /* RC-BaiSiBuDeJie */,
				51D3F0FA1D517A5900038A62 /* RC-BaiSiBuDeJieTests */,
				51D3F1051D517A5900038A62 /* RC-BaiSiBuDeJieUITests */,
				51D3F0DF1D517A5900038A62 /* Products */,
				9F43C033823C301B0F234FD2 /* Pods */,
				4CE338A8F06F22BFD55929E4 /* Frameworks */,
			);
			sourceTree = "<group>";
		};
		51D3F0DF1D517A5900038A62 /* Products */ = {
			isa = PBXGroup;
			children = (
				51D3F0DE1D517A5900038A62 /* RC-BaiSiBuDeJie.app */,
				51D3F0F71D517A5900038A62 /* RC-BaiSiBuDeJieTests.xctest */,
				51D3F1021D517A5900038A62 /* RC-BaiSiBuDeJieUITests.xctest */,
			);
			name = Products;
			sourceTree = "<group>";
		};
		51D3F0E01D517A5900038A62 /* RC-BaiSiBuDeJie */ = {
			isa = PBXGroup;
			children = (
				512F51661D520A680080905E /* Main */,
				512F515C1D5209F60080905E /* Other */,
				512F51671D520AA60080905E /* Essence-精华 */,
				512F51691D520B3A0080905E /* New-新帖 */,
				512F51681D520AC60080905E /* FriendTrends-关注 */,
				512F516A1D520B510080905E /* Me-我 */,
				51507D5B1D5815CD00D2F4E7 /* LoginRegister-登陆注册 */,
				51D3F0E11D517A5900038A62 /* Supporting Files */,
				512F515B1D5208A30080905E /* rcBS.pch */,
			);
			path = "RC-BaiSiBuDeJie";
			sourceTree = "<group>";
		};
		51D3F0E11D517A5900038A62 /* Supporting Files */ = {
			isa = PBXGroup;
			children = (
				51D3F0F21D517A5900038A62 /* Info.plist */,
				51D3F0EA1D517A5900038A62 /* Main.storyboard */,
				51D3F0ED1D517A5900038A62 /* Assets.xcassets */,
				51D3F0EF1D517A5900038A62 /* LaunchScreen.storyboard */,
				51D3F0E21D517A5900038A62 /* main.m */,
			);
			name = "Supporting Files";
			sourceTree = "<group>";
		};
		51D3F0FA1D517A5900038A62 /* RC-BaiSiBuDeJieTests */ = {
			isa = PBXGroup;
			children = (
				51D3F0FB1D517A5900038A62 /* RC_BaiSiBuDeJieTests.m */,
				51D3F0FD1D517A5900038A62 /* Info.plist */,
			);
			path = "RC-BaiSiBuDeJieTests";
			sourceTree = "<group>";
		};
		51D3F1051D517A5900038A62 /* RC-BaiSiBuDeJieUITests */ = {
			isa = PBXGroup;
			children = (
				51D3F1061D517A5900038A62 /* RC_BaiSiBuDeJieUITests.m */,
				51D3F1081D517A5900038A62 /* Info.plist */,
			);
			path = "RC-BaiSiBuDeJieUITests";
			sourceTree = "<group>";
		};
		51DF78D41D532C10009A92AA /* Category */ = {
			isa = PBXGroup;
			children = (
				51EF04051D54325E007B87A7 /* Foundation+Log.m */,
				51DF78D11D532861009A92AA /* UIView+Extension.h */,
				51DF78D21D532861009A92AA /* UIView+Extension.m */,
				51DF78D51D532C66009A92AA /* UIBarButtonItem+RCExtension.h */,
				51DF78D61D532C66009A92AA /* UIBarButtonItem+RCExtension.m */,
			);
			path = Category;
			sourceTree = "<group>";
		};
		51EF040A1D543438007B87A7 /* Controller */ = {
			isa = PBXGroup;
			children = (
				51EF040B1D543438007B87A7 /* 关注 */,
				51EF040F1D543438007B87A7 /* 推荐 */,
			);
			path = Controller;
			sourceTree = "<group>";
		};
		51EF040B1D543438007B87A7 /* 关注 */ = {
			isa = PBXGroup;
			children = (
				51EF040C1D543438007B87A7 /* RCFriendTViewController.h */,
				51EF040D1D543438007B87A7 /* RCFriendTViewController.m */,
				51EF040E1D543438007B87A7 /* RCFriendTViewController.xib */,
			);
			path = "关注";
			sourceTree = "<group>";
		};
		51EF040F1D543438007B87A7 /* 推荐 */ = {
			isa = PBXGroup;
			children = (
				51EF04101D543438007B87A7 /* RCRecommendVController.h */,
				51EF04111D543438007B87A7 /* RCRecommendVController.m */,
				51EF04121D543438007B87A7 /* RCRecommendVController.xib */,
			);
			path = "推荐";
			sourceTree = "<group>";
		};
		51EF04131D543438007B87A7 /* Model */ = {
			isa = PBXGroup;
			children = (
				51EF04341D543572007B87A7 /* RCRecommendModel.h */,
				51EF04351D543572007B87A7 /* RCRecommendModel.m */,
				51EF04411D5482EB007B87A7 /* RCRecommendUserModel.h */,
				51EF04421D5482EB007B87A7 /* RCRecommendUserModel.m */,
			);
			path = Model;
			sourceTree = "<group>";
		};
		51EF04141D543438007B87A7 /* View */ = {
			isa = PBXGroup;
			children = (
				51EF04371D544308007B87A7 /* RCRecommendTableViewCell.h */,
				51EF04381D544308007B87A7 /* RCRecommendTableViewCell.m */,
				51EF04391D544308007B87A7 /* RCRecommendTableViewCell.xib */,
				51EF043C1D547E15007B87A7 /* RCRecommendUserTableVCell.h */,
				51EF043D1D547E15007B87A7 /* RCRecommendUserTableVCell.m */,
				51EF043E1D547E15007B87A7 /* RCRecommendUserTableVCell.xib */,
			);
			path = View;
			sourceTree = "<group>";
		};
		51EF04191D543491007B87A7 /* Controller */ = {
			isa = PBXGroup;
			children = (
				51EF041A1D543491007B87A7 /* 精华 */,
				510456641D596EAB003954D1 /* 全部 */,
				510456661D596EAB003954D1 /* 视频 */,
				510456651D596EAB003954D1 /* 声音 */,
				510456671D596EAB003954D1 /* 图片 */,
				510456631D596EAB003954D1 /* 段子 */,
			);
			path = Controller;
			sourceTree = "<group>";
		};
		51EF041A1D543491007B87A7 /* 精华 */ = {
			isa = PBXGroup;
			children = (
				51EF041B1D543491007B87A7 /* RCEssenceViewController.h */,
				51EF041C1D543491007B87A7 /* RCEssenceViewController.m */,
			);
			path = "精华";
			sourceTree = "<group>";
		};
		51EF041E1D543491007B87A7 /* Model */ = {
			isa = PBXGroup;
			children = (
			);
			path = Model;
			sourceTree = "<group>";
		};
		51EF041F1D543491007B87A7 /* View */ = {
			isa = PBXGroup;
			children = (
			);
			path = View;
			sourceTree = "<group>";
		};
		51EF04221D5434D4007B87A7 /* Controller */ = {
			isa = PBXGroup;
			children = (
				51EF04231D5434D4007B87A7 /* 新帖 */,
			);
			path = Controller;
			sourceTree = "<group>";
		};
		51EF04231D5434D4007B87A7 /* 新帖 */ = {
			isa = PBXGroup;
			children = (
				51EF04241D5434D4007B87A7 /* RCNewViewController.h */,
				51EF04251D5434D4007B87A7 /* RCNewViewController.m */,
				51EF04261D5434D4007B87A7 /* RCNewViewController.xib */,
			);
			path = "新帖";
			sourceTree = "<group>";
		};
		51EF04271D5434D4007B87A7 /* Model */ = {
			isa = PBXGroup;
			children = (
			);
			path = Model;
			sourceTree = "<group>";
		};
		51EF04281D5434D4007B87A7 /* View */ = {
			isa = PBXGroup;
			children = (
			);
			path = View;
			sourceTree = "<group>";
		};
		51EF042B1D543516007B87A7 /* Controller */ = {
			isa = PBXGroup;
			children = (
				51EF042C1D543516007B87A7 /* 我 */,
			);
			path = Controller;
			sourceTree = "<group>";
		};
		51EF042C1D543516007B87A7 /* 我 */ = {
			isa = PBXGroup;
			children = (
				51EF042D1D543516007B87A7 /* RCMeViewController.h */,
				51EF042E1D543516007B87A7 /* RCMeViewController.m */,
				51EF042F1D543516007B87A7 /* RCMeViewController.xib */,
			);
			path = "我";
			sourceTree = "<group>";
		};
		51EF04301D543516007B87A7 /* Model */ = {
			isa = PBXGroup;
			children = (
			);
			path = Model;
			sourceTree = "<group>";
		};
		51EF04311D543516007B87A7 /* View */ = {
			isa = PBXGroup;
			children = (
			);
			path = View;
			sourceTree = "<group>";
		};
		9F43C033823C301B0F234FD2 /* Pods */ = {
			isa = PBXGroup;
			children = (
				6F9C4D90606DB8CA46576FF1 /* Pods.debug.xcconfig */,
				076E578F15539EB0F54E923D /* Pods.release.xcconfig */,
			);
			name = Pods;
			sourceTree = "<group>";
		};
/* End PBXGroup section */

/* Begin PBXNativeTarget section */
		51D3F0DD1D517A5900038A62 /* RC-BaiSiBuDeJie */ = {
			isa = PBXNativeTarget;
			buildConfigurationList = 51D3F10B1D517A5900038A62 /* Build configuration list for PBXNativeTarget "RC-BaiSiBuDeJie" */;
			buildPhases = (
				0A96256F5A2B06CBBF802210 /* Check Pods Manifest.lock */,
				51D3F0DA1D517A5900038A62 /* Sources */,
				51D3F0DB1D517A5900038A62 /* Frameworks */,
				51D3F0DC1D517A5900038A62 /* Resources */,
				3FAB04D7A3A316A7BD2902D0 /* Embed Pods Frameworks */,
				2FC971ACA78B49E19790FC35 /* Copy Pods Resources */,
			);
			buildRules = (
			);
			dependencies = (
			);
			name = "RC-BaiSiBuDeJie";
			productName = "RC-BaiSiBuDeJie";
			productReference = 51D3F0DE1D517A5900038A62 /* RC-BaiSiBuDeJie.app */;
			productType = "com.apple.product-type.application";
		};
		51D3F0F61D517A5900038A62 /* RC-BaiSiBuDeJieTests */ = {
			isa = PBXNativeTarget;
			buildConfigurationList = 51D3F10E1D517A5900038A62 /* Build configuration list for PBXNativeTarget "RC-BaiSiBuDeJieTests" */;
			buildPhases = (
				51D3F0F31D517A5900038A62 /* Sources */,
				51D3F0F41D517A5900038A62 /* Frameworks */,
				51D3F0F51D517A5900038A62 /* Resources */,
			);
			buildRules = (
			);
			dependencies = (
				51D3F0F91D517A5900038A62 /* PBXTargetDependency */,
			);
			name = "RC-BaiSiBuDeJieTests";
			productName = "RC-BaiSiBuDeJieTests";
			productReference = 51D3F0F71D517A5900038A62 /* RC-BaiSiBuDeJieTests.xctest */;
			productType = "com.apple.product-type.bundle.unit-test";
		};
		51D3F1011D517A5900038A62 /* RC-BaiSiBuDeJieUITests */ = {
			isa = PBXNativeTarget;
			buildConfigurationList = 51D3F1111D517A5900038A62 /* Build configuration list for PBXNativeTarget "RC-BaiSiBuDeJieUITests" */;
			buildPhases = (
				51D3F0FE1D517A5900038A62 /* Sources */,
				51D3F0FF1D517A5900038A62 /* Frameworks */,
				51D3F1001D517A5900038A62 /* Resources */,
			);
			buildRules = (
			);
			dependencies = (
				51D3F1041D517A5900038A62 /* PBXTargetDependency */,
			);
			name = "RC-BaiSiBuDeJieUITests";
			productName = "RC-BaiSiBuDeJieUITests";
			productReference = 51D3F1021D517A5900038A62 /* RC-BaiSiBuDeJieUITests.xctest */;
			productType = "com.apple.product-type.bundle.ui-testing";
		};
/* End PBXNativeTarget section */

/* Begin PBXProject section */
		51D3F0D61D517A5900038A62 /* Project object */ = {
			isa = PBXProject;
			attributes = {
				CLASSPREFIX = RC;
				LastUpgradeCheck = 0730;
				ORGANIZATIONNAME = RongCheng;
				TargetAttributes = {
					51D3F0DD1D517A5900038A62 = {
						CreatedOnToolsVersion = 7.3.1;
					};
					51D3F0F61D517A5900038A62 = {
						CreatedOnToolsVersion = 7.3.1;
						TestTargetID = 51D3F0DD1D517A5900038A62;
					};
					51D3F1011D517A5900038A62 = {
						CreatedOnToolsVersion = 7.3.1;
						TestTargetID = 51D3F0DD1D517A5900038A62;
					};
				};
			};
			buildConfigurationList = 51D3F0D91D517A5900038A62 /* Build configuration list for PBXProject "RC-BaiSiBuDeJie" */;
			compatibilityVersion = "Xcode 3.2";
			developmentRegion = English;
			hasScannedForEncodings = 0;
			knownRegions = (
				en,
				Base,
			);
			mainGroup = 51D3F0D51D517A5900038A62;
			productRefGroup = 51D3F0DF1D517A5900038A62 /* Products */;
			projectDirPath = "";
			projectRoot = "";
			targets = (
				51D3F0DD1D517A5900038A62 /* RC-BaiSiBuDeJie */,
				51D3F0F61D517A5900038A62 /* RC-BaiSiBuDeJieTests */,
				51D3F1011D517A5900038A62 /* RC-BaiSiBuDeJieUITests */,
			);
		};
/* End PBXProject section */

/* Begin PBXResourcesBuildPhase section */
		51D3F0DC1D517A5900038A62 /* Resources */ = {
			isa = PBXResourcesBuildPhase;
			buildActionMask = 2147483647;
			files = (
				51D3F0F11D517A5900038A62 /* LaunchScreen.storyboard in Resources */,
				51D3F0EE1D517A5900038A62 /* Assets.xcassets in Resources */,
				51EF04401D547E15007B87A7 /* RCRecommendUserTableVCell.xib in Resources */,
				51EF04181D543438007B87A7 /* RCRecommendVController.xib in Resources */,
				51EF04161D543438007B87A7 /* RCFriendTViewController.xib in Resources */,
				51507D681D581D0200D2F4E7 /* RCLoginRegisterController.xib in Resources */,
				51EF04331D543516007B87A7 /* RCMeViewController.xib in Resources */,
				51EF043B1D544308007B87A7 /* RCRecommendTableViewCell.xib in Resources */,
				51EF042A1D5434D4007B87A7 /* RCNewViewController.xib in Resources */,
				51D3F0EC1D517A5900038A62 /* Main.storyboard in Resources */,
			);
			runOnlyForDeploymentPostprocessing = 0;
		};
		51D3F0F51D517A5900038A62 /* Resources */ = {
			isa = PBXResourcesBuildPhase;
			buildActionMask = 2147483647;
			files = (
			);
			runOnlyForDeploymentPostprocessing = 0;
		};
		51D3F1001D517A5900038A62 /* Resources */ = {
			isa = PBXResourcesBuildPhase;
			buildActionMask = 2147483647;
			files = (
			);
			runOnlyForDeploymentPostprocessing = 0;
		};
/* End PBXResourcesBuildPhase section */

/* Begin PBXShellScriptBuildPhase section */
		0A96256F5A2B06CBBF802210 /* Check Pods Manifest.lock */ = {
			isa = PBXShellScriptBuildPhase;
			buildActionMask = 2147483647;
			files = (
			);
			inputPaths = (
			);
			name = "Check Pods Manifest.lock";
			outputPaths = (
			);
			runOnlyForDeploymentPostprocessing = 0;
			shellPath = /bin/sh;
			shellScript = "diff \"${PODS_ROOT}/../Podfile.lock\" \"${PODS_ROOT}/Manifest.lock\" > /dev/null\nif [[ $? != 0 ]] ; then\n    cat << EOM\nerror: The sandbox is not in sync with the Podfile.lock. Run 'pod install' or update your CocoaPods installation.\nEOM\n    exit 1\nfi\n";
			showEnvVarsInLog = 0;
		};
		2FC971ACA78B49E19790FC35 /* Copy Pods Resources */ = {
			isa = PBXShellScriptBuildPhase;
			buildActionMask = 2147483647;
			files = (
			);
			inputPaths = (
			);
			name = "Copy Pods Resources";
			outputPaths = (
			);
			runOnlyForDeploymentPostprocessing = 0;
			shellPath = /bin/sh;
			shellScript = "\"${SRCROOT}/Pods/Target Support Files/Pods/Pods-resources.sh\"\n";
			showEnvVarsInLog = 0;
		};
		3FAB04D7A3A316A7BD2902D0 /* Embed Pods Frameworks */ = {
			isa = PBXShellScriptBuildPhase;
			buildActionMask = 2147483647;
			files = (
			);
			inputPaths = (
			);
			name = "Embed Pods Frameworks";
			outputPaths = (
			);
			runOnlyForDeploymentPostprocessing = 0;
			shellPath = /bin/sh;
			shellScript = "\"${SRCROOT}/Pods/Target Support Files/Pods/Pods-frameworks.sh\"\n";
			showEnvVarsInLog = 0;
		};
/* End PBXShellScriptBuildPhase section */

/* Begin PBXSourcesBuildPhase section */
		51D3F0DA1D517A5900038A62 /* Sources */ = {
			isa = PBXSourcesBuildPhase;
			buildActionMask = 2147483647;
			files = (
				51507D6B1D581FA300D2F4E7 /* RCVerticalButton.m in Sources */,
				5104568E1D5970D4003954D1 /* RCVoiceTableViewController.m in Sources */,
				512F515F1D520A330080905E /* RCNavigationController.m in Sources */,
				51EF04061D54325E007B87A7 /* Foundation+Log.m in Sources */,
				510456891D5970C8003954D1 /* RCVideoTableViewController.m in Sources */,
				51EF04201D543491007B87A7 /* RCEssenceViewController.m in Sources */,
				51D3F0E91D517A5900038A62 /* ViewController.m in Sources */,
				510456981D5970F1003954D1 /* RCDuanZiTableViewController.m in Sources */,
				51EF04291D5434D4007B87A7 /* RCNewViewController.m in Sources */,
				51DF78D31D532861009A92AA /* UIView+Extension.m in Sources */,
				51EF04431D5482EB007B87A7 /* RCRecommendUserModel.m in Sources */,
				510456841D597078003954D1 /* RCAllTableViewController.m in Sources */,
				51DF78D71D532C66009A92AA /* UIBarButtonItem+RCExtension.m in Sources */,
				51EF043A1D544308007B87A7 /* RCRecommendTableViewCell.m in Sources */,
				51507D6E1D58653B00D2F4E7 /* RCTextField.m in Sources */,
				512F51621D520A4D0080905E /* RCTabBarController.m in Sources */,
				51D3F0E61D517A5900038A62 /* AppDelegate.m in Sources */,
				51507D671D581D0200D2F4E7 /* RCLoginRegisterController.m in Sources */,
				51EF04171D543438007B87A7 /* RCRecommendVController.m in Sources */,
				512F51651D520A5B0080905E /* RCTabBar.m in Sources */,
				51EF04361D543572007B87A7 /* RCRecommendModel.m in Sources */,
				51EF04321D543516007B87A7 /* RCMeViewController.m in Sources */,
				510456931D5970E4003954D1 /* RCPictureTableViewController.m in Sources */,
				51D3F0E31D517A5900038A62 /* main.m in Sources */,
				51EF043F1D547E15007B87A7 /* RCRecommendUserTableVCell.m in Sources */,
				51EF04151D543438007B87A7 /* RCFriendTViewController.m in Sources */,
			);
			runOnlyForDeploymentPostprocessing = 0;
		};
		51D3F0F31D517A5900038A62 /* Sources */ = {
			isa = PBXSourcesBuildPhase;
			buildActionMask = 2147483647;
			files = (
				51D3F0FC1D517A5900038A62 /* RC_BaiSiBuDeJieTests.m in Sources */,
			);
			runOnlyForDeploymentPostprocessing = 0;
		};
		51D3F0FE1D517A5900038A62 /* Sources */ = {
			isa = PBXSourcesBuildPhase;
			buildActionMask = 2147483647;
			files = (
				51D3F1071D517A5900038A62 /* RC_BaiSiBuDeJieUITests.m in Sources */,
			);
			runOnlyForDeploymentPostprocessing = 0;
		};
/* End PBXSourcesBuildPhase section */

/* Begin PBXTargetDependency section */
		51D3F0F91D517A5900038A62 /* PBXTargetDependency */ = {
			isa = PBXTargetDependency;
			target = 51D3F0DD1D517A5900038A62 /* RC-BaiSiBuDeJie */;
			targetProxy = 51D3F0F81D517A5900038A62 /* PBXContainerItemProxy */;
		};
		51D3F1041D517A5900038A62 /* PBXTargetDependency */ = {
			isa = PBXTargetDependency;
			target = 51D3F0DD1D517A5900038A62 /* RC-BaiSiBuDeJie */;
			targetProxy = 51D3F1031D517A5900038A62 /* PBXContainerItemProxy */;
		};
/* End PBXTargetDependency section */

/* Begin PBXVariantGroup section */
		51D3F0EA1D517A5900038A62 /* Main.storyboard */ = {
			isa = PBXVariantGroup;
			children = (
				51D3F0EB1D517A5900038A62 /* Base */,
			);
			name = Main.storyboard;
			sourceTree = "<group>";
		};
		51D3F0EF1D517A5900038A62 /* LaunchScreen.storyboard */ = {
			isa = PBXVariantGroup;
			children = (
				51D3F0F01D517A5900038A62 /* Base */,
			);
			name = LaunchScreen.storyboard;
			sourceTree = "<group>";
		};
/* End PBXVariantGroup section */

/* Begin XCBuildConfiguration section */
		51D3F1091D517A5900038A62 /* Debug */ = {
			isa = XCBuildConfiguration;
			buildSettings = {
				ALWAYS_SEARCH_USER_PATHS = NO;
				CLANG_ANALYZER_NONNULL = YES;
				CLANG_CXX_LANGUAGE_STANDARD = "gnu++0x";
				CLANG_CXX_LIBRARY = "libc++";
				CLANG_ENABLE_MODULES = YES;
				CLANG_ENABLE_OBJC_ARC = YES;
				CLANG_WARN_BOOL_CONVERSION = YES;
				CLANG_WARN_CONSTANT_CONVERSION = YES;
				CLANG_WARN_DIRECT_OBJC_ISA_USAGE = YES_ERROR;
				CLANG_WARN_EMPTY_BODY = YES;
				CLANG_WARN_ENUM_CONVERSION = YES;
				CLANG_WARN_INT_CONVERSION = YES;
				CLANG_WARN_OBJC_ROOT_CLASS = YES_ERROR;
				CLANG_WARN_UNREACHABLE_CODE = YES;
				CLANG_WARN__DUPLICATE_METHOD_MATCH = YES;
				"CODE_SIGN_IDENTITY[sdk=iphoneos*]" = "iPhone Developer";
				COPY_PHASE_STRIP = NO;
				DEBUG_INFORMATION_FORMAT = dwarf;
				ENABLE_STRICT_OBJC_MSGSEND = YES;
				ENABLE_TESTABILITY = YES;
				GCC_C_LANGUAGE_STANDARD = gnu99;
				GCC_DYNAMIC_NO_PIC = NO;
				GCC_NO_COMMON_BLOCKS = YES;
				GCC_OPTIMIZATION_LEVEL = 0;
				GCC_PREPROCESSOR_DEFINITIONS = (
					"DEBUG=1",
					"$(inherited)",
				);
				GCC_WARN_64_TO_32_BIT_CONVERSION = YES;
				GCC_WARN_ABOUT_RETURN_TYPE = YES_ERROR;
				GCC_WARN_UNDECLARED_SELECTOR = YES;
				GCC_WARN_UNINITIALIZED_AUTOS = YES_AGGRESSIVE;
				GCC_WARN_UNUSED_FUNCTION = YES;
				GCC_WARN_UNUSED_VARIABLE = YES;
				IPHONEOS_DEPLOYMENT_TARGET = 9.3;
				MTL_ENABLE_DEBUG_INFO = YES;
				ONLY_ACTIVE_ARCH = YES;
				SDKROOT = iphoneos;
				TARGETED_DEVICE_FAMILY = "1,2";
			};
			name = Debug;
		};
		51D3F10A1D517A5900038A62 /* Release */ = {
			isa = XCBuildConfiguration;
			buildSettings = {
				ALWAYS_SEARCH_USER_PATHS = NO;
				CLANG_ANALYZER_NONNULL = YES;
				CLANG_CXX_LANGUAGE_STANDARD = "gnu++0x";
				CLANG_CXX_LIBRARY = "libc++";
				CLANG_ENABLE_MODULES = YES;
				CLANG_ENABLE_OBJC_ARC = YES;
				CLANG_WARN_BOOL_CONVERSION = YES;
				CLANG_WARN_CONSTANT_CONVERSION = YES;
				CLANG_WARN_DIRECT_OBJC_ISA_USAGE = YES_ERROR;
				CLANG_WARN_EMPTY_BODY = YES;
				CLANG_WARN_ENUM_CONVERSION = YES;
				CLANG_WARN_INT_CONVERSION = YES;
				CLANG_WARN_OBJC_ROOT_CLASS = YES_ERROR;
				CLANG_WARN_UNREACHABLE_CODE = YES;
				CLANG_WARN__DUPLICATE_METHOD_MATCH = YES;
				"CODE_SIGN_IDENTITY[sdk=iphoneos*]" = "iPhone Developer";
				COPY_PHASE_STRIP = NO;
				DEBUG_INFORMATION_FORMAT = "dwarf-with-dsym";
				ENABLE_NS_ASSERTIONS = NO;
				ENABLE_STRICT_OBJC_MSGSEND = YES;
				GCC_C_LANGUAGE_STANDARD = gnu99;
				GCC_NO_COMMON_BLOCKS = YES;
				GCC_WARN_64_TO_32_BIT_CONVERSION = YES;
				GCC_WARN_ABOUT_RETURN_TYPE = YES_ERROR;
				GCC_WARN_UNDECLARED_SELECTOR = YES;
				GCC_WARN_UNINITIALIZED_AUTOS = YES_AGGRESSIVE;
				GCC_WARN_UNUSED_FUNCTION = YES;
				GCC_WARN_UNUSED_VARIABLE = YES;
				IPHONEOS_DEPLOYMENT_TARGET = 9.3;
				MTL_ENABLE_DEBUG_INFO = NO;
				SDKROOT = iphoneos;
				TARGETED_DEVICE_FAMILY = "1,2";
				VALIDATE_PRODUCT = YES;
			};
			name = Release;
		};
		51D3F10C1D517A5900038A62 /* Debug */ = {
			isa = XCBuildConfiguration;
			baseConfigurationReference = 6F9C4D90606DB8CA46576FF1 /* Pods.debug.xcconfig */;
			buildSettings = {
				ASSETCATALOG_COMPILER_APPICON_NAME = AppIcon;
				ASSETCATALOG_COMPILER_LAUNCHIMAGE_NAME = LaunchImage;
				GCC_PREFIX_HEADER = "$(SRCROOT)/RC-BaiSiBuDeJie/rcBS.pch";
				INFOPLIST_FILE = "RC-BaiSiBuDeJie/Info.plist";
				LD_RUNPATH_SEARCH_PATHS = "$(inherited) @executable_path/Frameworks";
				PRODUCT_BUNDLE_IDENTIFIER = "JiYue.com.RC-BaiSiBuDeJie";
				PRODUCT_NAME = "$(TARGET_NAME)";
			};
			name = Debug;
		};
		51D3F10D1D517A5900038A62 /* Release */ = {
			isa = XCBuildConfiguration;
			baseConfigurationReference = 076E578F15539EB0F54E923D /* Pods.release.xcconfig */;
			buildSettings = {
				ASSETCATALOG_COMPILER_APPICON_NAME = AppIcon;
				ASSETCATALOG_COMPILER_LAUNCHIMAGE_NAME = LaunchImage;
				GCC_PREFIX_HEADER = "$(SRCROOT)/RC-BaiSiBuDeJie/rcBS.pch";
				INFOPLIST_FILE = "RC-BaiSiBuDeJie/Info.plist";
				LD_RUNPATH_SEARCH_PATHS = "$(inherited) @executable_path/Frameworks";
				PRODUCT_BUNDLE_IDENTIFIER = "JiYue.com.RC-BaiSiBuDeJie";
				PRODUCT_NAME = "$(TARGET_NAME)";
			};
			name = Release;
		};
		51D3F10F1D517A5900038A62 /* Debug */ = {
			isa = XCBuildConfiguration;
			buildSettings = {
				BUNDLE_LOADER = "$(TEST_HOST)";
				INFOPLIST_FILE = "RC-BaiSiBuDeJieTests/Info.plist";
				LD_RUNPATH_SEARCH_PATHS = "$(inherited) @executable_path/Frameworks @loader_path/Frameworks";
				PRODUCT_BUNDLE_IDENTIFIER = "JiYue.com.RC-BaiSiBuDeJieTests";
				PRODUCT_NAME = "$(TARGET_NAME)";
				TEST_HOST = "$(BUILT_PRODUCTS_DIR)/RC-BaiSiBuDeJie.app/RC-BaiSiBuDeJie";
			};
			name = Debug;
		};
		51D3F1101D517A5900038A62 /* Release */ = {
			isa = XCBuildConfiguration;
			buildSettings = {
				BUNDLE_LOADER = "$(TEST_HOST)";
				INFOPLIST_FILE = "RC-BaiSiBuDeJieTests/Info.plist";
				LD_RUNPATH_SEARCH_PATHS = "$(inherited) @executable_path/Frameworks @loader_path/Frameworks";
				PRODUCT_BUNDLE_IDENTIFIER = "JiYue.com.RC-BaiSiBuDeJieTests";
				PRODUCT_NAME = "$(TARGET_NAME)";
				TEST_HOST = "$(BUILT_PRODUCTS_DIR)/RC-BaiSiBuDeJie.app/RC-BaiSiBuDeJie";
			};
			name = Release;
		};
		51D3F1121D517A5900038A62 /* Debug */ = {
			isa = XCBuildConfiguration;
			buildSettings = {
				INFOPLIST_FILE = "RC-BaiSiBuDeJieUITests/Info.plist";
				LD_RUNPATH_SEARCH_PATHS = "$(inherited) @executable_path/Frameworks @loader_path/Frameworks";
				PRODUCT_BUNDLE_IDENTIFIER = "JiYue.com.RC-BaiSiBuDeJieUITests";
				PRODUCT_NAME = "$(TARGET_NAME)";
				TEST_TARGET_NAME = "RC-BaiSiBuDeJie";
			};
			name = Debug;
		};
		51D3F1131D517A5900038A62 /* Release */ = {
			isa = XCBuildConfiguration;
			buildSettings = {
				INFOPLIST_FILE = "RC-BaiSiBuDeJieUITests/Info.plist";
				LD_RUNPATH_SEARCH_PATHS = "$(inherited) @executable_path/Frameworks @loader_path/Frameworks";
				PRODUCT_BUNDLE_IDENTIFIER = "JiYue.com.RC-BaiSiBuDeJieUITests";
				PRODUCT_NAME = "$(TARGET_NAME)";
				TEST_TARGET_NAME = "RC-BaiSiBuDeJie";
			};
			name = Release;
		};
/* End XCBuildConfiguration section */

/* Begin XCConfigurationList section */
		51D3F0D91D517A5900038A62 /* Build configuration list for PBXProject "RC-BaiSiBuDeJie" */ = {
			isa = XCConfigurationList;
			buildConfigurations = (
				51D3F1091D517A5900038A62 /* Debug */,
				51D3F10A1D517A5900038A62 /* Release */,
			);
			defaultConfigurationIsVisible = 0;
			defaultConfigurationName = Release;
		};
		51D3F10B1D517A5900038A62 /* Build configuration list for PBXNativeTarget "RC-BaiSiBuDeJie" */ = {
			isa = XCConfigurationList;
			buildConfigurations = (
				51D3F10C1D517A5900038A62 /* Debug */,
				51D3F10D1D517A5900038A62 /* Release */,
			);
			defaultConfigurationIsVisible = 0;
			defaultConfigurationName = Release;
		};
		51D3F10E1D517A5900038A62 /* Build configuration list for PBXNativeTarget "RC-BaiSiBuDeJieTests" */ = {
			isa = XCConfigurationList;
			buildConfigurations = (
				51D3F10F1D517A5900038A62 /* Debug */,
				51D3F1101D517A5900038A62 /* Release */,
			);
			defaultConfigurationIsVisible = 0;
			defaultConfigurationName = Release;
		};
		51D3F1111D517A5900038A62 /* Build configuration list for PBXNativeTarget "RC-BaiSiBuDeJieUITests" */ = {
			isa = XCConfigurationList;
			buildConfigurations = (
				51D3F1121D517A5900038A62 /* Debug */,
				51D3F1131D517A5900038A62 /* Release */,
			);
			defaultConfigurationIsVisible = 0;
			defaultConfigurationName = Release;
		};
/* End XCConfigurationList section */
	};
	rootObject = 51D3F0D61D517A5900038A62 /* Project object */;
}
